<?xml version="1.0" encoding="utf-8"?>
<Project ToolsVersion="4.0" xmlns="http://schemas.microsoft.com/developer/msbuild/2003">
  <ItemGroup>
    <Filter Include="Source Files">
      <UniqueIdentifier>{4FC737F1-C7A5-4376-A066-2A32D752A2FF}</UniqueIdentifier>
      <Extensions>cpp;c;cc;cxx;def;odl;idl;hpj;bat;asm;asmx</Extensions>
    </Filter>
    <Filter Include="Header Files">
      <UniqueIdentifier>{93995380-89BD-4b04-88EB-625FBE52EBFB}</UniqueIdentifier>
      <Extensions>h;hpp;hxx;hm;inl;inc;xsd</Extensions>
    </Filter>
    <Filter Include="Resource Files">
      <UniqueIdentifier>{67DA6AB6-F800-4c08-8B7A-83BB121AAD01}</UniqueIdentifier>
      <Extensions>rc;ico;cur;bmp;dlg;rc2;rct;bin;rgs;gif;jpg;jpeg;jpe;resx;tiff;tif;png;wav</Extensions>
    </Filter>
    <Filter Include="Third Party">
      <UniqueIdentifier>{2fb4c223-6e50-43cf-9888-22e818960b9d}</UniqueIdentifier>
    </Filter>
  </ItemGroup>
  <ItemGroup>
    <ClCompile Include="source\band_pass_filter.cpp">
      <Filter>Source Files</Filter>
    </ClCompile>
    <ClCompile Include="source\blur_process.cpp">
      <Filter>Source Files</Filter>
    </ClCompile>
    <ClCompile Include="source\calculator_process.cpp">
      <Filter>Source Files</Filter>
    </ClCompile>
    <ClCompile Include="source\channel_selector_process.cpp">
      <Filter>Source Files</Filter>
    </ClCompile>
    <ClCompile Include="source\coverage_geometry_mask_process.cpp">
      <Filter>Source Files</Filter>
    </ClCompile>
    <ClCompile Include="source\coverage_mask_process.cpp">
      <Filter>Source Files</Filter>
    </ClCompile>
    <ClCompile Include="source\elevation_to_normal_process.cpp">
      <Filter>Source Files</Filter>
    </ClCompile>
    <ClCompile Include="source\greyscale_to_rgb_process.cpp">
      <Filter>Source Files</Filter>
    </ClCompile>
    <ClCompile Include="source\hillshade_process.cpp">
      <Filter>Source Files</Filter>
    </ClCompile>
    <ClCompile Include="source\module_image_processing_procs.cpp">
      <Filter>Source Files</Filter>
    </ClCompile>
    <ClCompile Include="source\multi_res_spatial_analysis_process.cpp">
      <Filter>Source Files</Filter>
    </ClCompile>
    <ClCompile Include="source\normal_to_rgb_process.cpp">
      <Filter>Source Files</Filter>
    </ClCompile>
    <ClCompile Include="source\stdafx.cpp">
      <Filter>Source Files</Filter>
    </ClCompile>
    <ClCompile Include="source\zoom_in_process.cpp">
      <Filter>Source Files</Filter>
    </ClCompile>
    <ClCompile Include="source\zoom_out_process.cpp">
      <Filter>Source Files</Filter>
    </ClCompile>
    <ClCompile Include="source\calculator_functions.cpp">
      <Filter>Source Files</Filter>
    </ClCompile>
    <ClCompile Include="source\watershed_process.cpp">
      <Filter>Source Files</Filter>
    </ClCompile>
    <ClCompile Include="source\coverage_transfrom_process.cpp">
      <Filter>Source Files</Filter>
    </ClCompile>
    <ClCompile Include="source\normal_to_slope_process.cpp">
      <Filter>Source Files</Filter>
    </ClCompile>
    <ClCompile Include="source\rgb_to_value_process.cpp">
      <Filter>Source Files</Filter>
    </ClCompile>
  </ItemGroup>
  <ItemGroup>
    <ClInclude Include="source\band_pass_filter.h">
      <Filter>Header Files</Filter>
    </ClInclude>
    <ClInclude Include="source\blur_process.h">
      <Filter>Header Files</Filter>
    </ClInclude>
    <ClInclude Include="source\calculator_process.h">
      <Filter>Header Files</Filter>
    </ClInclude>
    <ClInclude Include="source\channel_selector_process.h">
      <Filter>Header Files</Filter>
    </ClInclude>
    <ClInclude Include="source\coverage_geometry_mask_process.h">
      <Filter>Header Files</Filter>
    </ClInclude>
    <ClInclude Include="source\coverage_mask_process.h">
      <Filter>Header Files</Filter>
    </ClInclude>
    <ClInclude Include="source\elevation_to_normal_process.h">
      <Filter>Header Files</Filter>
    </ClInclude>
    <ClInclude Include="source\exceptions.h">
      <Filter>Header Files</Filter>
    </ClInclude>
    <ClInclude Include="source\greyscale_to_rgb_process.h">
      <Filter>Header Files</Filter>
    </ClInclude>
    <ClInclude Include="source\hillshade_process.h">
      <Filter>Header Files</Filter>
    </ClInclude>
    <ClInclude Include="source\module_image_processing_procs.h">
      <Filter>Header Files</Filter>
    </ClInclude>
    <ClInclude Include="source\multi_res_spatial_analysis_process.h">
      <Filter>Header Files</Filter>
    </ClInclude>
    <ClInclude Include="source\normal_to_rgb_process.h">
      <Filter>Header Files</Filter>
    </ClInclude>
    <ClInclude Include="source\stdafx.h">
      <Filter>Header Files</Filter>
    </ClInclude>
    <ClInclude Include="source\zoom_in_process.h">
      <Filter>Header Files</Filter>
    </ClInclude>
    <ClInclude Include="source\zoom_out_process.h">
      <Filter>Header Files</Filter>
    </ClInclude>
    <ClInclude Include="source\calculator_functions.h">
      <Filter>Header Files</Filter>
    </ClInclude>
    <ClInclude Include="source\watershed_process.h">
      <Filter>Header Files</Filter>
    </ClInclude>
    <ClInclude Include="source\coverage_transfrom_process.h">
      <Filter>Header Files</Filter>
    </ClInclude>
    <ClInclude Include="source\normal_to_slope_process.h">
      <Filter>Header Files</Filter>
    </ClInclude>
    <ClInclude Include="source\rgb_to_value_process.h">
      <Filter>Header Files</Filter>
    </ClInclude>
  </ItemGroup>
  <ItemGroup>
    <CustomBuild Include="..\..\..\third_party\expreval34\expreval34\Debug\expreval34.lib">
      <Filter>Third Party</Filter>
    </CustomBuild>
    <CustomBuild Include="..\..\..\third_party\expreval34\expreval34\Release\expreval34.lib">
      <Filter>Third Party</Filter>
    </CustomBuild>
  </ItemGroup>
</Project>