Microsoft Visual Studio Solution File, Format Version 12.00
# Visual Studio 2012
Project("{2150E333-8FDC-42A3-9474-1A3956D46DE8}") = "Services", "Services", "{0AA015A8-B662-4499-9D86-79095EBE2E6B}"
EndProject
Project("{2150E333-8FDC-42A3-9474-1A3956D46DE8}") = "Analysis Processes", "Analysis Processes", "{95816A25-CEF1-4250-B760-99420E53BB2A}"
EndProject
Project("{2150E333-8FDC-42A3-9474-1A3956D46DE8}") = "Data Processes", "Data Processes", "{F05DE3FD-FB71-4827-A572-1450021DBFC2}"
EndProject
Project("{2150E333-8FDC-42A3-9474-1A3956D46DE8}") = "SDK", "SDK", "{27D6DEC3-BBC3-4DC3-8AD8-D33F2E87FDF7}"
EndProject
Project("{2150E333-8FDC-42A3-9474-1A3956D46DE8}") = "PyxNet", "PyxNet", "{5C03CFFA-309E-4046-8910-CD0B13A3020A}"
EndProject
Project("{8BC9CEB8-8B4A-11D0-8D11-00A0C91BC942}") = "pyxlib", "..\..\pyxlib\projects\pyxlib\pyxlib.vcxproj", "{804D618B-7F32-4CB8-9778-224DF0B5054E}"
EndProject
Project("{8BC9CEB8-8B4A-11D0-8D11-00A0C91BC942}") = "pyxlib_swig", "..\..\pyxlib\projects\pyxlib\pyxlib_swig\pyxlib_swig.vcxproj", "{7D76F78C-2899-48F0-AAB0-847A10657498}"
	ProjectSection(ProjectDependencies) = postProject
		{804D618B-7F32-4CB8-9778-224DF0B5054E} = {804D618B-7F32-4CB8-9778-224DF0B5054E}
	EndProjectSection
EndProject
Project("{8BC9CEB8-8B4A-11D0-8D11-00A0C91BC942}") = "library", "..\..\services\projects\library\library.vcxproj", "{F865FC68-6C09-4306-B822-A4708A1975AA}"
EndProject
Project("{8BC9CEB8-8B4A-11D0-8D11-00A0C91BC942}") = "library_swig", "..\..\services\projects\library\library_swig\library_swig.vcxproj", "{ECE1D4E5-BE60-4253-A634-30A9DA935379}"
EndProject
Project("{8BC9CEB8-8B4A-11D0-8D11-00A0C91BC942}") = "sampling", "..\..\analysis\projects\sampling\sampling.vcxproj", "{C6BCC81D-129D-43BE-88BF-4031D90E3A7B}"
EndProject
Project("{8BC9CEB8-8B4A-11D0-8D11-00A0C91BC942}") = "driver_utility", "..\..\data_source_drivers\projects\driver_utility\driver_utility.vcxproj", "{502AC63C-B8DD-4AE7-A8B0-F452C51A5848}"
	ProjectSection(ProjectDependencies) = postProject
		{804D618B-7F32-4CB8-9778-224DF0B5054E} = {804D618B-7F32-4CB8-9778-224DF0B5054E}
	EndProjectSection
EndProject
Project("{8BC9CEB8-8B4A-11D0-8D11-00A0C91BC942}") = "gdal", "..\..\data_source_drivers\projects\gdal\gdal.vcxproj", "{94066A88-35E4-482F-A137-FBBA9F569AD5}"
EndProject
Project("{8BC9CEB8-8B4A-11D0-8D11-00A0C91BC942}") = "grd98", "..\..\data_source_drivers\projects\grd98\grd98.vcxproj", "{149FCE2C-D3EF-4959-BEA9-B77D567D7CA3}"
EndProject
Project("{8BC9CEB8-8B4A-11D0-8D11-00A0C91BC942}") = "lua_procs", "..\..\analysis\projects\lua_procs\lua_procs.vcxproj", "{6A38E557-D35C-4B5D-90A0-16FF19B26982}"
EndProject
Project("{8BC9CEB8-8B4A-11D0-8D11-00A0C91BC942}") = "grib", "..\..\data_source_drivers\projects\grib\grib.vcxproj", "{9766ED62-DC23-4539-A33B-6420F9547886}"
EndProject
Project("{8BC9CEB8-8B4A-11D0-8D11-00A0C91BC942}") = "analysis_procs", "..\..\analysis\projects\analysis_procs\analysis_procs.vcxproj", "{462D6635-BA84-49F6-937E-0AB8BF10574B}"
EndProject
Project("{FAE04EC0-301F-11D3-BF4B-00C04F79EFBC}") = "PYXNatTraversal", "..\..\PYXNet\PyxNet.NAT\PYXNatTraversalUPnP\PYXNatTraversal.csproj", "{041AF7A8-5C77-4D96-98CF-342B5DE11F1E}"
	ProjectSection(ProjectDependencies) = postProject
		{7D76F78C-2899-48F0-AAB0-847A10657498} = {7D76F78C-2899-48F0-AAB0-847A10657498}
	EndProjectSection
EndProject
Project("{FAE04EC0-301F-11D3-BF4B-00C04F79EFBC}") = "PyxNet", "..\..\PYXNet\PyxNet\PyxNet.csproj", "{39EFFC79-2E12-4861-8DC9-7E59B6D2B9D1}"
	ProjectSection(ProjectDependencies) = postProject
		{7D76F78C-2899-48F0-AAB0-847A10657498} = {7D76F78C-2899-48F0-AAB0-847A10657498}
	EndProjectSection
EndProject
Project("{FAE04EC0-301F-11D3-BF4B-00C04F79EFBC}") = "PyxNet.DLM", "..\..\PYXNet\PyxNet.DLM\PyxNet.DLM.csproj", "{C302E222-29A0-4A95-8E65-740FB72E6795}"
	ProjectSection(ProjectDependencies) = postProject
		{7D76F78C-2899-48F0-AAB0-847A10657498} = {7D76F78C-2899-48F0-AAB0-847A10657498}
	EndProjectSection
EndProject
Project("{FAE04EC0-301F-11D3-BF4B-00C04F79EFBC}") = "PyxNet.Pyxis", "..\..\PYXNet\PyxNet.Pyxis\PyxNet.Pyxis.csproj", "{C30AE009-F214-42F2-AB9A-DD3D2CA7909F}"
	ProjectSection(ProjectDependencies) = postProject
		{7D76F78C-2899-48F0-AAB0-847A10657498} = {7D76F78C-2899-48F0-AAB0-847A10657498}
		{E4AECEBB-DAB1-4D40-A012-1F648105FB5A} = {E4AECEBB-DAB1-4D40-A012-1F648105FB5A}
		{ECE1D4E5-BE60-4253-A634-30A9DA935379} = {ECE1D4E5-BE60-4253-A634-30A9DA935379}
	EndProjectSection
EndProject
Project("{FAE04EC0-301F-11D3-BF4B-00C04F79EFBC}") = "PyxNet.Pyxis.Test", "..\..\PYXNet\PyxNet.Pyxis.Test\PyxNet.Pyxis.Test.csproj", "{68EB803C-B5E0-42B7-A8D9-CE98FB93691A}"
	ProjectSection(ProjectDependencies) = postProject
		{92C4CC38-0161-457D-A0F6-7808FF4CD0F5} = {92C4CC38-0161-457D-A0F6-7808FF4CD0F5}
		{7D76F78C-2899-48F0-AAB0-847A10657498} = {7D76F78C-2899-48F0-AAB0-847A10657498}
		{219FA5F5-D07B-4889-B84A-AECCAC1649B6} = {219FA5F5-D07B-4889-B84A-AECCAC1649B6}
	EndProjectSection
EndProject
Project("{FAE04EC0-301F-11D3-BF4B-00C04F79EFBC}") = "Pyxis.Utilities", "..\..\Pyxis\Utilities\Pyxis.Utilities.csproj", "{E0263220-F917-4E71-9CB4-9D6EDE2AA8CB}"
	ProjectSection(ProjectDependencies) = postProject
		{7D76F78C-2899-48F0-AAB0-847A10657498} = {7D76F78C-2899-48F0-AAB0-847A10657498}
	EndProjectSection
EndProject
Project("{8BC9CEB8-8B4A-11D0-8D11-00A0C91BC942}") = "application", "..\..\services\projects\application\application.vcxproj", "{ADFE6F4C-E4C0-49AF-BDF3-86F5C9CCB797}"
EndProject
Project("{8BC9CEB8-8B4A-11D0-8D11-00A0C91BC942}") = "application_swig", "..\..\services\projects\application\application_swig\application_swig.vcxproj", "{C8BC4191-37BB-4224-B7C3-F8BE36E22B5C}"
EndProject
Project("{8BC9CEB8-8B4A-11D0-8D11-00A0C91BC942}") = "view_model", "..\..\services\projects\view_model\view_model.vcxproj", "{06A1B8E8-D594-4669-9677-90DFD8C0EB34}"
EndProject
Project("{8BC9CEB8-8B4A-11D0-8D11-00A0C91BC942}") = "view_model_swig", "..\..\services\projects\view_model\view_model_swig\view_model_swig.vcxproj", "{45DDA250-BCFF-4710-AF0C-8FB7FC470818}"
EndProject
Project("{8BC9CEB8-8B4A-11D0-8D11-00A0C91BC942}") = "image_processing_procs", "..\..\analysis\projects\image_processing_procs\image_processing_procs.vcxproj", "{5AC949E3-C788-4435-B31D-A71E47A3707B}"
EndProject
Project("{8BC9CEB8-8B4A-11D0-8D11-00A0C91BC942}") = "pyxis_data_sources", "..\..\data_source_drivers\projects\pyxis_data_sources\pyxis_coverages.vcxproj", "{219FA5F5-D07B-4889-B84A-AECCAC1649B6}"
EndProject
Project("{8BC9CEB8-8B4A-11D0-8D11-00A0C91BC942}") = "feature_processing_procs", "..\..\analysis\projects\feature_processing_procs\feature_processing_procs.vcxproj", "{A8086067-90AF-4039-8A4C-9B1F68173FCD}"
EndProject
Project("{8BC9CEB8-8B4A-11D0-8D11-00A0C91BC942}") = "gdalinfo", "..\..\data_source_drivers\projects\gdalinfo\gdalinfo.vcxproj", "{667C392C-9D1D-40C6-B59D-ED6F78A517D2}"
EndProject
Project("{FAE04EC0-301F-11D3-BF4B-00C04F79EFBC}") = "PipelineLibrary", "..\..\services\PipelineLibrary\PipelineLibrary.csproj", "{63C82A1D-AAAA-4B44-ADBA-E339406C020A}"
	ProjectSection(ProjectDependencies) = postProject
		{F865FC68-6C09-4306-B822-A4708A1975AA} = {F865FC68-6C09-4306-B822-A4708A1975AA}
		{ECE1D4E5-BE60-4253-A634-30A9DA935379} = {ECE1D4E5-BE60-4253-A634-30A9DA935379}
	EndProjectSection
EndProject
Project("{8BC9CEB8-8B4A-11D0-8D11-00A0C91BC942}") = "excel", "..\..\data_source_drivers\projects\excel\excel_reader.vcxproj", "{C24F221D-1072-43FD-92EC-E7826C3170DF}"
EndProject
Project("{FAE04EC0-301F-11D3-BF4B-00C04F79EFBC}") = "PyxNet.Diagnostics", "..\..\PYXNet\PyxNet.Diagnostics\PyxNet.Diagnostics.csproj", "{8C6F32B7-E953-45D6-8E75-83FBA6384970}"
EndProject
Project("{FAE04EC0-301F-11D3-BF4B-00C04F79EFBC}") = "Pyxis.Contracts", "..\..\Pyxis\Contracts\Pyxis.Contracts.csproj", "{BB0FDB8B-BE80-4DB0-87F0-9C75BB89C7C7}"
EndProject
Project("{FAE04EC0-301F-11D3-BF4B-00C04F79EFBC}") = "Pyxis.Publishing", "..\..\Pyxis\Publishing\Pyxis.Publishing.csproj", "{5BA06255-9024-4A7F-8253-2A60B6BA194E}"
EndProject
Project("{FAE04EC0-301F-11D3-BF4B-00C04F79EFBC}") = "Pyxis.Publishing.Test", "..\..\Pyxis\Publishing.Test\Pyxis.Publishing.Test.csproj", "{220C6BE3-0EE6-4109-BB47-7EE78FFF46B4}"
EndProject
Project("{FAE04EC0-301F-11D3-BF4B-00C04F79EFBC}") = "Pyxis.Core", "..\..\Pyxis\Core\Pyxis.Core.csproj", "{6F9755F3-8FE4-42B0-B34F-F06480022352}"
	ProjectSection(ProjectDependencies) = postProject
		{C24F221D-1072-43FD-92EC-E7826C3170DF} = {C24F221D-1072-43FD-92EC-E7826C3170DF}
		{C6BCC81D-129D-43BE-88BF-4031D90E3A7B} = {C6BCC81D-129D-43BE-88BF-4031D90E3A7B}
		{667C392C-9D1D-40C6-B59D-ED6F78A517D2} = {667C392C-9D1D-40C6-B59D-ED6F78A517D2}
		{149FCE2C-D3EF-4959-BEA9-B77D567D7CA3} = {149FCE2C-D3EF-4959-BEA9-B77D567D7CA3}
		{462D6635-BA84-49F6-937E-0AB8BF10574B} = {462D6635-BA84-49F6-937E-0AB8BF10574B}
		{502AC63C-B8DD-4AE7-A8B0-F452C51A5848} = {502AC63C-B8DD-4AE7-A8B0-F452C51A5848}
		{45DDA250-BCFF-4710-AF0C-8FB7FC470818} = {45DDA250-BCFF-4710-AF0C-8FB7FC470818}
		{9766ED62-DC23-4539-A33B-6420F9547886} = {9766ED62-DC23-4539-A33B-6420F9547886}
		{94066A88-35E4-482F-A137-FBBA9F569AD5} = {94066A88-35E4-482F-A137-FBBA9F569AD5}
		{7D76F78C-2899-48F0-AAB0-847A10657498} = {7D76F78C-2899-48F0-AAB0-847A10657498}
		{C8BC4191-37BB-4224-B7C3-F8BE36E22B5C} = {C8BC4191-37BB-4224-B7C3-F8BE36E22B5C}
		{5AC949E3-C788-4435-B31D-A71E47A3707B} = {5AC949E3-C788-4435-B31D-A71E47A3707B}
	EndProjectSection
EndProject
Project("{2150E333-8FDC-42A3-9474-1A3956D46DE8}") = "Applications", "Applications", "{012E3ADF-5E3C-4D25-9A21-08F8DD39DA60}"
EndProject
Project("{2150E333-8FDC-42A3-9474-1A3956D46DE8}") = "Pyxis", "Pyxis", "{AA1E9075-A749-4BBC-9EE5-43893AA04B28}"
EndProject
Project("{FAE04EC0-301F-11D3-BF4B-00C04F79EFBC}") = "Pyxis.UI", "..\..\Pyxis\UI\Pyxis.UI.csproj", "{5708BFC4-9BEB-412D-B2A0-906DFB997EEE}"
EndProject
Project("{FAE04EC0-301F-11D3-BF4B-00C04F79EFBC}") = "pyxlib_swig_csharp", "..\..\pyxlib\projects\pyxlib\pyxlib_swig_csharp\pyxlib_swig_csharp.csproj", "{92C4CC38-0161-457D-A0F6-7808FF4CD0F5}"
	ProjectSection(ProjectDependencies) = postProject
		{7D76F78C-2899-48F0-AAB0-847A10657498} = {7D76F78C-2899-48F0-AAB0-847A10657498}
	EndProjectSection
EndProject
Project("{FAE04EC0-301F-11D3-BF4B-00C04F79EFBC}") = "view_model_swig_csharp", "..\..\services\projects\view_model\view_model_swig_csharp\view_model_swig_csharp.csproj", "{82C2049D-9F25-4C21-9E57-0E6F139E0B44}"
	ProjectSection(ProjectDependencies) = postProject
		{45DDA250-BCFF-4710-AF0C-8FB7FC470818} = {45DDA250-BCFF-4710-AF0C-8FB7FC470818}
	EndProjectSection
EndProject
Project("{FAE04EC0-301F-11D3-BF4B-00C04F79EFBC}") = "application_swig_csharp", "..\..\services\projects\application\application_swig_csharp\application_swig_csharp.csproj", "{1CD1AC04-4400-45F7-8FEB-3C4BB3F5A489}"
	ProjectSection(ProjectDependencies) = postProject
		{C8BC4191-37BB-4224-B7C3-F8BE36E22B5C} = {C8BC4191-37BB-4224-B7C3-F8BE36E22B5C}
	EndProjectSection
EndProject
Project("{FAE04EC0-301F-11D3-BF4B-00C04F79EFBC}") = "library_swig_csharp", "..\..\services\projects\library\library_swig_csharp\library_swig_csharp.csproj", "{6888F517-2276-48D9-A6B2-3C28A531C8DF}"
	ProjectSection(ProjectDependencies) = postProject
		{ECE1D4E5-BE60-4253-A634-30A9DA935379} = {ECE1D4E5-BE60-4253-A634-30A9DA935379}
	EndProjectSection
EndProject
Project("{FAE04EC0-301F-11D3-BF4B-00C04F79EFBC}") = "Pyxis.Storage", "..\..\Pyxis\Pyxis.Storage\Pyxis.Storage.csproj", "{5C69CAE6-DDEA-4063-A2C9-41A63BC78BDF}"
EndProject
Project("{FAE04EC0-301F-11D3-BF4B-00C04F79EFBC}") = "Pyxis.Storage.Test", "..\..\Pyxis\Pyxis.Storage.Test\Pyxis.Storage.Test.csproj", "{4C0A4D93-7997-4104-B598-17D62DE23169}"
EndProject
Project("{FAE04EC0-301F-11D3-BF4B-00C04F79EFBC}") = "PyxNet.Pyxis.NoLibrary", "..\..\PYXNet\PyxNet.Pyxis\PyxNet.Pyxis.NoLibrary.csproj", "{0B4EFB08-9514-4929-A849-D851A8B6A129}"
	ProjectSection(ProjectDependencies) = postProject
		{E4AECEBB-DAB1-4D40-A012-1F648105FB5A} = {E4AECEBB-DAB1-4D40-A012-1F648105FB5A}
	EndProjectSection
EndProject
Project("{FAE04EC0-301F-11D3-BF4B-00C04F79EFBC}") = "Pyxis.Core.Test", "..\..\Pyxis\Core.Test\Pyxis.Core.Test.csproj", "{BC9B91CC-D6E8-48EE-8523-F44DB4FF9CCC}"
EndProject
Project("{FAE04EC0-301F-11D3-BF4B-00C04F79EFBC}") = "WorldView.Studio", "..\..\application\WorldView.Studio\WorldView.Studio.csproj", "{33F24E60-ABB5-4ACE-9D4A-33CD1D3A52FC}"
	ProjectSection(ProjectDependencies) = postProject
		{1CD1AC04-4400-45F7-8FEB-3C4BB3F5A489} = {1CD1AC04-4400-45F7-8FEB-3C4BB3F5A489}
		{0B4EFB08-9514-4929-A849-D851A8B6A129} = {0B4EFB08-9514-4929-A849-D851A8B6A129}
		{6888F517-2276-48D9-A6B2-3C28A531C8DF} = {6888F517-2276-48D9-A6B2-3C28A531C8DF}
		{C24F221D-1072-43FD-92EC-E7826C3170DF} = {C24F221D-1072-43FD-92EC-E7826C3170DF}
		{C6BCC81D-129D-43BE-88BF-4031D90E3A7B} = {C6BCC81D-129D-43BE-88BF-4031D90E3A7B}
		{C302E222-29A0-4A95-8E65-740FB72E6795} = {C302E222-29A0-4A95-8E65-740FB72E6795}
		{667C392C-9D1D-40C6-B59D-ED6F78A517D2} = {667C392C-9D1D-40C6-B59D-ED6F78A517D2}
		{149FCE2C-D3EF-4959-BEA9-B77D567D7CA3} = {149FCE2C-D3EF-4959-BEA9-B77D567D7CA3}
		{462D6635-BA84-49F6-937E-0AB8BF10574B} = {462D6635-BA84-49F6-937E-0AB8BF10574B}
		{502AC63C-B8DD-4AE7-A8B0-F452C51A5848} = {502AC63C-B8DD-4AE7-A8B0-F452C51A5848}
		{ADFE6F4C-E4C0-49AF-BDF3-86F5C9CCB797} = {ADFE6F4C-E4C0-49AF-BDF3-86F5C9CCB797}
		{45DDA250-BCFF-4710-AF0C-8FB7FC470818} = {45DDA250-BCFF-4710-AF0C-8FB7FC470818}
		{6A38E557-D35C-4B5D-90A0-16FF19B26982} = {6A38E557-D35C-4B5D-90A0-16FF19B26982}
		{9766ED62-DC23-4539-A33B-6420F9547886} = {9766ED62-DC23-4539-A33B-6420F9547886}
		{A8086067-90AF-4039-8A4C-9B1F68173FCD} = {A8086067-90AF-4039-8A4C-9B1F68173FCD}
		{F865FC68-6C09-4306-B822-A4708A1975AA} = {F865FC68-6C09-4306-B822-A4708A1975AA}
		{39EFFC79-2E12-4861-8DC9-7E59B6D2B9D1} = {39EFFC79-2E12-4861-8DC9-7E59B6D2B9D1}
		{94066A88-35E4-482F-A137-FBBA9F569AD5} = {94066A88-35E4-482F-A137-FBBA9F569AD5}
		{804D618B-7F32-4CB8-9778-224DF0B5054E} = {804D618B-7F32-4CB8-9778-224DF0B5054E}
		{7D76F78C-2899-48F0-AAB0-847A10657498} = {7D76F78C-2899-48F0-AAB0-847A10657498}
		{C8BC4191-37BB-4224-B7C3-F8BE36E22B5C} = {C8BC4191-37BB-4224-B7C3-F8BE36E22B5C}
		{82C2049D-9F25-4C21-9E57-0E6F139E0B44} = {82C2049D-9F25-4C21-9E57-0E6F139E0B44}
		{041AF7A8-5C77-4D96-98CF-342B5DE11F1E} = {041AF7A8-5C77-4D96-98CF-342B5DE11F1E}
		{8C6F32B7-E953-45D6-8E75-83FBA6384970} = {8C6F32B7-E953-45D6-8E75-83FBA6384970}
		{5AC949E3-C788-4435-B31D-A71E47A3707B} = {5AC949E3-C788-4435-B31D-A71E47A3707B}
		{ECE1D4E5-BE60-4253-A634-30A9DA935379} = {ECE1D4E5-BE60-4253-A634-30A9DA935379}
		{5C69CAE6-DDEA-4063-A2C9-41A63BC78BDF} = {5C69CAE6-DDEA-4063-A2C9-41A63BC78BDF}
		{06A1B8E8-D594-4669-9677-90DFD8C0EB34} = {06A1B8E8-D594-4669-9677-90DFD8C0EB34}
		{219FA5F5-D07B-4889-B84A-AECCAC1649B6} = {219FA5F5-D07B-4889-B84A-AECCAC1649B6}
	EndProjectSection
EndProject
Project("{FAE04EC0-301F-11D3-BF4B-00C04F79EFBC}") = "ApplicationUtility", "..\..\application\utility\ApplicationUtility.csproj", "{E4AECEBB-DAB1-4D40-A012-1F648105FB5A}"
EndProject
Project("{FAE04EC0-301F-11D3-BF4B-00C04F79EFBC}") = "Pyxis.IO", "..\..\Pyxis\IO\Pyxis.IO.csproj", "{44B44E81-7223-45CC-AE0A-0790D1E73BE5}"
EndProject
Project("{FAE04EC0-301F-11D3-BF4B-00C04F79EFBC}") = "Pyxis.IO.Test", "..\..\Pyxis\IO.Test\Pyxis.IO.Test.csproj", "{8888F906-FA11-4F33-9A7E-D4987F5CF5A4}"
EndProject
Project("{FAE04EC0-301F-11D3-BF4B-00C04F79EFBC}") = "Pyxis.Utilities.Test", "..\..\Pyxis\Utilities.Test\Pyxis.Utilities.Test.csproj", "{CC557ED0-6200-46CE-8477-4C0EF60226B8}"
EndProject
Project("{FAE04EC0-301F-11D3-BF4B-00C04F79EFBC}") = "PyxNet.Test", "..\..\PYXNet\PyxNet.Test\PyxNet.Test.csproj", "{2C95DBA2-A590-4240-A9F8-6B645A59BC9C}"
EndProject
Global
	GlobalSection(TeamFoundationVersionControl) = preSolution
		SccNumberOfProjects = 48
		SccEnterpriseProvider = {4CA58AB2-18FA-4F8D-95D4-32DDF27D184C}
		SccTeamFoundationServer = https://pyxisinnovation.visualstudio.com/defaultcollection
		SccLocalPath0 = .
		SccProjectUniqueName1 = ..\\..\\pyxlib\\projects\\pyxlib\\pyxlib.vcxproj
		SccProjectTopLevelParentUniqueName1 = WorldView.Studio.sln
		SccProjectName1 = ../../pyxlib/projects/pyxlib
		SccLocalPath1 = ..\\..\\pyxlib\\projects\\pyxlib
		SccProjectUniqueName2 = ..\\..\\pyxlib\\projects\\pyxlib\\pyxlib_swig\\pyxlib_swig.vcxproj
		SccProjectTopLevelParentUniqueName2 = WorldView.Studio.sln
		SccProjectName2 = ../../pyxlib/projects/pyxlib/pyxlib_swig
		SccLocalPath2 = ..\\..\\pyxlib\\projects\\pyxlib\\pyxlib_swig
		SccProjectUniqueName3 = ..\\..\\Pyxis\\Utilities\\Pyxis.Utilities.csproj
		SccProjectTopLevelParentUniqueName3 = WorldView.Studio.sln
		SccProjectName3 = ../../Pyxis/Utilities
		SccLocalPath3 = ..\\..\\Pyxis\\Utilities
		SccProjectUniqueName4 = ..\\..\\PYXNet\\PyxNet.DLM\\PyxNet.DLM.csproj
		SccProjectTopLevelParentUniqueName4 = WorldView.Studio.sln
		SccProjectName4 = ../../PYXNet/PyxNet.DLM
		SccLocalPath4 = ..\\..\\PYXNet\\PyxNet.DLM
		SccProjectUniqueName5 = ..\\..\\PYXNet\\PyxNet.NAT\\PYXNatTraversalUPnP\\PYXNatTraversal.csproj
		SccProjectTopLevelParentUniqueName5 = WorldView.Studio.sln
		SccProjectName5 = ../../PYXNet/PyxNet.NAT/PYXNatTraversalUPnP
		SccLocalPath5 = ..\\..\\PYXNet\\PyxNet.NAT\\PYXNatTraversalUPnP
		SccProjectUniqueName6 = ..\\..\\PYXNet\\PyxNet\\PyxNet.csproj
		SccProjectTopLevelParentUniqueName6 = WorldView.Studio.sln
		SccProjectName6 = ../../PYXNet/PyxNet
		SccLocalPath6 = ..\\..\\PYXNet\\PyxNet
		SccProjectUniqueName7 = ..\\..\\services\\PipelineLibrary\\PipelineLibrary.csproj
		SccProjectTopLevelParentUniqueName7 = WorldView.Studio.sln
		SccProjectName7 = ../../services/PipelineLibrary
		SccLocalPath7 = ..\\..\\services\\PipelineLibrary
		SccProjectUniqueName8 = ..\\..\\services\\projects\\library\\library.vcxproj
		SccProjectTopLevelParentUniqueName8 = WorldView.Studio.sln
		SccProjectName8 = ../../services/projects/library
		SccLocalPath8 = ..\\..\\services\\projects\\library
		SccProjectUniqueName9 = ..\\..\\services\\projects\\library\\library_swig\\library_swig.vcxproj
		SccProjectTopLevelParentUniqueName9 = WorldView.Studio.sln
		SccProjectName9 = ../../services/projects/library/library_swig
		SccLocalPath9 = ..\\..\\services\\projects\\library\\library_swig
		SccProjectUniqueName10 = ..\\..\\PYXNet\\PyxNet.Pyxis\\PyxNet.Pyxis.csproj
		SccProjectTopLevelParentUniqueName10 = WorldView.Studio.sln
		SccProjectName10 = ../../PYXNet/PyxNet.Pyxis
		SccLocalPath10 = ..\\..\\PYXNet\\PyxNet.Pyxis
		SccProjectUniqueName11 = ..\\..\\PYXNet\\PyxNet.Diagnostics\\PyxNet.Diagnostics.csproj
		SccProjectTopLevelParentUniqueName11 = WorldView.Studio.sln
		SccProjectName11 = ../../PYXNet/PyxNet.Diagnostics
		SccLocalPath11 = ..\\..\\PYXNet\\PyxNet.Diagnostics
		SccProjectUniqueName12 = ..\\..\\services\\projects\\view_model\\view_model.vcxproj
		SccProjectTopLevelParentUniqueName12 = WorldView.Studio.sln
		SccProjectName12 = ../../services/projects/view_model
		SccLocalPath12 = ..\\..\\services\\projects\\view_model
		SccProjectUniqueName13 = ..\\..\\services\\projects\\view_model\\view_model_swig\\view_model_swig.vcxproj
		SccProjectTopLevelParentUniqueName13 = WorldView.Studio.sln
		SccProjectName13 = ../../services/projects/view_model/view_model_swig
		SccLocalPath13 = ..\\..\\services\\projects\\view_model\\view_model_swig
		SccProjectUniqueName14 = ..\\..\\analysis\\projects\\sampling\\sampling.vcxproj
		SccProjectTopLevelParentUniqueName14 = WorldView.Studio.sln
		SccProjectName14 = ../../analysis/projects/sampling
		SccLocalPath14 = ..\\..\\analysis\\projects\\sampling
		SccProjectUniqueName15 = ..\\..\\data_source_drivers\\projects\\driver_utility\\driver_utility.vcxproj
		SccProjectTopLevelParentUniqueName15 = WorldView.Studio.sln
		SccProjectName15 = ../../data_source_drivers/projects/driver_utility
		SccLocalPath15 = ..\\..\\data_source_drivers\\projects\\driver_utility
		SccProjectUniqueName16 = ..\\..\\data_source_drivers\\projects\\grd98\\grd98.vcxproj
		SccProjectTopLevelParentUniqueName16 = WorldView.Studio.sln
		SccProjectName16 = ../../data_source_drivers/projects/grd98
		SccLocalPath16 = ..\\..\\data_source_drivers\\projects\\grd98
		SccProjectUniqueName17 = ..\\..\\data_source_drivers\\projects\\pyxis_data_sources\\pyxis_coverages.vcxproj
		SccProjectTopLevelParentUniqueName17 = WorldView.Studio.sln
		SccProjectName17 = ../../data_source_drivers/projects/pyxis_data_sources
		SccLocalPath17 = ..\\..\\data_source_drivers\\projects\\pyxis_data_sources
		SccProjectUniqueName18 = ..\\..\\analysis\\projects\\analysis_procs\\analysis_procs.vcxproj
		SccProjectTopLevelParentUniqueName18 = WorldView.Studio.sln
		SccProjectName18 = ../../analysis/projects/analysis_procs
		SccLocalPath18 = ..\\..\\analysis\\projects\\analysis_procs
		SccProjectUniqueName19 = ..\\..\\services\\projects\\application\\application.vcxproj
		SccProjectTopLevelParentUniqueName19 = WorldView.Studio.sln
		SccProjectName19 = ../../services/projects/application
		SccLocalPath19 = ..\\..\\services\\projects\\application
		SccProjectUniqueName20 = ..\\..\\analysis\\projects\\lua_procs\\lua_procs.vcxproj
		SccProjectTopLevelParentUniqueName20 = WorldView.Studio.sln
		SccProjectName20 = ../../analysis/projects/lua_procs
		SccLocalPath20 = ..\\..\\analysis\\projects\\lua_procs
		SccProjectUniqueName21 = ..\\..\\data_source_drivers\\projects\\grib\\grib.vcxproj
		SccProjectTopLevelParentUniqueName21 = WorldView.Studio.sln
		SccProjectName21 = ../../data_source_drivers/projects/grib
		SccLocalPath21 = ..\\..\\data_source_drivers\\projects\\grib
		SccProjectUniqueName22 = ..\\..\\analysis\\projects\\feature_processing_procs\\feature_processing_procs.vcxproj
		SccProjectTopLevelParentUniqueName22 = WorldView.Studio.sln
		SccProjectName22 = ../../analysis/projects/feature_processing_procs
		SccLocalPath22 = ..\\..\\analysis\\projects\\feature_processing_procs
		SccProjectUniqueName23 = ..\\..\\data_source_drivers\\projects\\gdal\\gdal.vcxproj
		SccProjectTopLevelParentUniqueName23 = WorldView.Studio.sln
		SccProjectName23 = ../../data_source_drivers/projects/gdal
		SccLocalPath23 = ..\\..\\data_source_drivers\\projects\\gdal
		SccProjectUniqueName24 = ..\\..\\services\\projects\\application\\application_swig\\application_swig.vcxproj
		SccProjectTopLevelParentUniqueName24 = WorldView.Studio.sln
		SccProjectName24 = ../../services/projects/application/application_swig
		SccLocalPath24 = ..\\..\\services\\projects\\application\\application_swig
		SccProjectUniqueName25 = ..\\..\\analysis\\projects\\image_processing_procs\\image_processing_procs.vcxproj
		SccProjectTopLevelParentUniqueName25 = WorldView.Studio.sln
		SccProjectName25 = ../../analysis/projects/image_processing_procs
		SccLocalPath25 = ..\\..\\analysis\\projects\\image_processing_procs
		SccProjectUniqueName26 = ..\\..\\PYXNet\\PyxNet.Pyxis.Test\\PyxNet.Pyxis.Test.csproj
		SccProjectTopLevelParentUniqueName26 = WorldView.Studio.sln
		SccProjectName26 = ../../PYXNet/PyxNet.Pyxis.Test
		SccLocalPath26 = ..\\..\\PYXNet\\PyxNet.Pyxis.Test
		SccProjectUniqueName27 = ..\\..\\data_source_drivers\\projects\\gdalinfo\\gdalinfo.vcxproj
		SccProjectTopLevelParentUniqueName27 = WorldView.Studio.sln
		SccProjectName27 = ../../data_source_drivers/projects/gdalinfo
		SccLocalPath27 = ..\\..\\data_source_drivers\\projects\\gdalinfo
		SccProjectUniqueName28 = ..\\..\\data_source_drivers\\projects\\excel\\excel_reader.vcxproj
		SccProjectTopLevelParentUniqueName28 = WorldView.Studio.sln
		SccProjectName28 = ../../data_source_drivers/projects/excel
		SccLocalPath28 = ..\\..\\data_source_drivers\\projects\\excel
		SccProjectUniqueName29 = ..\\..\\Pyxis\\Contracts\\Pyxis.Contracts.csproj
		SccProjectTopLevelParentUniqueName29 = WorldView.Studio.sln
		SccProjectName29 = ../../Pyxis/Contracts
		SccLocalPath29 = ..\\..\\Pyxis\\Contracts
		SccProjectUniqueName30 = ..\\..\\Pyxis\\Publishing\\Pyxis.Publishing.csproj
		SccProjectTopLevelParentUniqueName30 = WorldView.Studio.sln
		SccProjectName30 = ../../Pyxis/Publishing
		SccLocalPath30 = ..\\..\\Pyxis\\Publishing
		SccProjectUniqueName31 = ..\\..\\Pyxis\\Publishing.Test\\Pyxis.Publishing.Test.csproj
		SccProjectTopLevelParentUniqueName31 = WorldView.Studio.sln
		SccProjectName31 = ../../Pyxis/Publishing.Test
		SccLocalPath31 = ..\\..\\Pyxis\\Publishing.Test
		SccProjectUniqueName32 = ..\\..\\Pyxis\\Core\\Pyxis.Core.csproj
		SccProjectTopLevelParentUniqueName32 = WorldView.Studio.sln
		SccProjectName32 = ../../Pyxis/Core
		SccLocalPath32 = ..\\..\\Pyxis\\Core
		SccProjectUniqueName33 = ..\\..\\Pyxis\\UI\\Pyxis.UI.csproj
		SccProjectTopLevelParentUniqueName33 = WorldView.Studio.sln
		SccProjectName33 = ../../Pyxis/UI
		SccLocalPath33 = ..\\..\\Pyxis\\UI
		SccProjectUniqueName34 = ..\\..\\pyxlib\\projects\\pyxlib\\pyxlib_swig_csharp\\pyxlib_swig_csharp.csproj
		SccProjectTopLevelParentUniqueName34 = WorldView.Studio.sln
		SccProjectName34 = ../../pyxlib/projects/pyxlib/pyxlib_swig_csharp
		SccLocalPath34 = ..\\..\\pyxlib\\projects\\pyxlib\\pyxlib_swig_csharp
		SccProjectUniqueName35 = ..\\..\\services\\projects\\view_model\\view_model_swig_csharp\\view_model_swig_csharp.csproj
		SccProjectTopLevelParentUniqueName35 = WorldView.Studio.sln
		SccProjectName35 = ../../services/projects/view_model/view_model_swig_csharp
		SccLocalPath35 = ..\\..\\services\\projects\\view_model\\view_model_swig_csharp
		SccProjectUniqueName36 = ..\\..\\services\\projects\\application\\application_swig_csharp\\application_swig_csharp.csproj
		SccProjectTopLevelParentUniqueName36 = WorldView.Studio.sln
		SccProjectName36 = ../../services/projects/application/application_swig_csharp
		SccLocalPath36 = ..\\..\\services\\projects\\application\\application_swig_csharp
		SccProjectUniqueName37 = ..\\..\\services\\projects\\library\\library_swig_csharp\\library_swig_csharp.csproj
		SccProjectTopLevelParentUniqueName37 = WorldView.Studio.sln
		SccProjectName37 = ../../services/projects/library/library_swig_csharp
		SccLocalPath37 = ..\\..\\services\\projects\\library\\library_swig_csharp
		SccProjectUniqueName38 = ..\\..\\Pyxis\\Pyxis.Storage\\Pyxis.Storage.csproj
		SccProjectTopLevelParentUniqueName38 = WorldView.Studio.sln
		SccProjectName38 = ../../Pyxis/Pyxis.Storage
		SccLocalPath38 = ..\\..\\Pyxis\\Pyxis.Storage
		SccProjectUniqueName39 = ..\\..\\Pyxis\\Pyxis.Storage.Test\\Pyxis.Storage.Test.csproj
		SccProjectTopLevelParentUniqueName39 = WorldView.Studio.sln
		SccProjectName39 = ../../Pyxis/Pyxis.Storage.Test
		SccLocalPath39 = ..\\..\\Pyxis\\Pyxis.Storage.Test
		SccProjectUniqueName40 = ..\\..\\PYXNet\\PyxNet.Pyxis\\PyxNet.Pyxis.NoLibrary.csproj
		SccProjectTopLevelParentUniqueName40 = WorldView.Studio.sln
		SccProjectName40 = ../../PYXNet/PyxNet.Pyxis
		SccLocalPath40 = ..\\..\\PYXNet\\PyxNet.Pyxis
		SccProjectUniqueName41 = ..\\..\\Pyxis\\Core.Test\\Pyxis.Core.Test.csproj
		SccProjectTopLevelParentUniqueName41 = WorldView.Studio.sln
		SccProjectName41 = ../../Pyxis/Core.Test
		SccLocalPath41 = ..\\..\\Pyxis\\Core.Test
		SccProjectUniqueName42 = ..\\..\\application\\WorldView.Studio\\WorldView.Studio.csproj
		SccProjectTopLevelParentUniqueName42 = WorldView.Studio.sln
		SccProjectName42 = ../../application/WorldView.Studio
		SccLocalPath42 = ..\\..\\application\\WorldView.Studio
		SccProjectUniqueName43 = ..\\..\\application\\utility\\ApplicationUtility.csproj
		SccProjectTopLevelParentUniqueName43 = WorldView.Studio.sln
		SccProjectName43 = ../../application/utility
		SccLocalPath43 = ..\\..\\application\\utility
		SccProjectUniqueName44 = ..\\..\\Pyxis\\IO\\Pyxis.IO.csproj
		SccProjectTopLevelParentUniqueName44 = WorldView.Studio.sln
		SccProjectName44 = ../../Pyxis/IO
		SccLocalPath44 = ..\\..\\Pyxis\\IO
		SccProjectUniqueName45 = ..\\..\\Pyxis\\IO.Test\\Pyxis.IO.Test.csproj
		SccProjectTopLevelParentUniqueName45 = WorldView.Studio.sln
		SccProjectName45 = ../../Pyxis/IO.Test
		SccLocalPath45 = ..\\..\\Pyxis\\IO.Test
		SccProjectUniqueName46 = ..\\..\\Pyxis\\Utilities.Test\\Pyxis.Utilities.Test.csproj
		SccProjectTopLevelParentUniqueName46 = WorldView.Studio.sln
		SccProjectName46 = ../../Pyxis/Utilities.Test
		SccLocalPath46 = ..\\..\\Pyxis\\Utilities.Test
		SccProjectUniqueName47 = ..\\..\\PYXNet\\PyxNet.Test\\PyxNet.Test.csproj
		SccProjectTopLevelParentUniqueName47 = WorldView.Studio.sln
		SccProjectName47 = ../../PYXNet/PyxNet.Test
		SccLocalPath47 = ..\\..\\PYXNet\\PyxNet.Test
	EndGlobalSection
	GlobalSection(SolutionConfigurationPlatforms) = preSolution
		Debug|Any CPU = Debug|Any CPU
		Debug|Mixed Platforms = Debug|Mixed Platforms
		Debug|Win32 = Debug|Win32
		Profile|Any CPU = Profile|Any CPU
		Profile|Mixed Platforms = Profile|Mixed Platforms
		Profile|Win32 = Profile|Win32
		Release|Any CPU = Release|Any CPU
		Release|Mixed Platforms = Release|Mixed Platforms
		Release|Win32 = Release|Win32
	EndGlobalSection
	GlobalSection(ProjectConfigurationPlatforms) = postSolution
		{804D618B-7F32-4CB8-9778-224DF0B5054E}.Debug|Any CPU.ActiveCfg = Debug|Win32
		{804D618B-7F32-4CB8-9778-224DF0B5054E}.Debug|Any CPU.Build.0 = Debug|Win32
		{804D618B-7F32-4CB8-9778-224DF0B5054E}.Debug|Mixed Platforms.ActiveCfg = Debug|Win32
		{804D618B-7F32-4CB8-9778-224DF0B5054E}.Debug|Mixed Platforms.Build.0 = Debug|Win32
		{804D618B-7F32-4CB8-9778-224DF0B5054E}.Debug|Win32.ActiveCfg = Debug|Win32
		{804D618B-7F32-4CB8-9778-224DF0B5054E}.Debug|Win32.Build.0 = Debug|Win32
		{804D618B-7F32-4CB8-9778-224DF0B5054E}.Profile|Any CPU.ActiveCfg = Profile|Win32
		{804D618B-7F32-4CB8-9778-224DF0B5054E}.Profile|Mixed Platforms.ActiveCfg = Profile|Win32
		{804D618B-7F32-4CB8-9778-224DF0B5054E}.Profile|Mixed Platforms.Build.0 = Profile|Win32
		{804D618B-7F32-4CB8-9778-224DF0B5054E}.Profile|Win32.ActiveCfg = Profile|Win32
		{804D618B-7F32-4CB8-9778-224DF0B5054E}.Profile|Win32.Build.0 = Profile|Win32
		{804D618B-7F32-4CB8-9778-224DF0B5054E}.Release|Any CPU.ActiveCfg = Release|Win32
		{804D618B-7F32-4CB8-9778-224DF0B5054E}.Release|Mixed Platforms.ActiveCfg = Release|Win32
		{804D618B-7F32-4CB8-9778-224DF0B5054E}.Release|Mixed Platforms.Build.0 = Release|Win32
		{804D618B-7F32-4CB8-9778-224DF0B5054E}.Release|Win32.ActiveCfg = Release|Win32
		{804D618B-7F32-4CB8-9778-224DF0B5054E}.Release|Win32.Build.0 = Release|Win32
		{7D76F78C-2899-48F0-AAB0-847A10657498}.Debug|Any CPU.ActiveCfg = Debug|Win32
		{7D76F78C-2899-48F0-AAB0-847A10657498}.Debug|Any CPU.Build.0 = Debug|Win32
		{7D76F78C-2899-48F0-AAB0-847A10657498}.Debug|Mixed Platforms.ActiveCfg = Debug|Win32
		{7D76F78C-2899-48F0-AAB0-847A10657498}.Debug|Mixed Platforms.Build.0 = Debug|Win32
		{7D76F78C-2899-48F0-AAB0-847A10657498}.Debug|Win32.ActiveCfg = Debug|Win32
		{7D76F78C-2899-48F0-AAB0-847A10657498}.Debug|Win32.Build.0 = Debug|Win32
		{7D76F78C-2899-48F0-AAB0-847A10657498}.Profile|Any CPU.ActiveCfg = Profile|Win32
		{7D76F78C-2899-48F0-AAB0-847A10657498}.Profile|Mixed Platforms.ActiveCfg = Profile|Win32
		{7D76F78C-2899-48F0-AAB0-847A10657498}.Profile|Mixed Platforms.Build.0 = Profile|Win32
		{7D76F78C-2899-48F0-AAB0-847A10657498}.Profile|Win32.ActiveCfg = Profile|Win32
		{7D76F78C-2899-48F0-AAB0-847A10657498}.Profile|Win32.Build.0 = Profile|Win32
		{7D76F78C-2899-48F0-AAB0-847A10657498}.Release|Any CPU.ActiveCfg = Release|Win32
		{7D76F78C-2899-48F0-AAB0-847A10657498}.Release|Mixed Platforms.ActiveCfg = Release|Win32
		{7D76F78C-2899-48F0-AAB0-847A10657498}.Release|Mixed Platforms.Build.0 = Release|Win32
		{7D76F78C-2899-48F0-AAB0-847A10657498}.Release|Win32.ActiveCfg = Release|Win32
		{7D76F78C-2899-48F0-AAB0-847A10657498}.Release|Win32.Build.0 = Release|Win32
		{F865FC68-6C09-4306-B822-A4708A1975AA}.Debug|Any CPU.ActiveCfg = Debug|Win32
		{F865FC68-6C09-4306-B822-A4708A1975AA}.Debug|Any CPU.Build.0 = Debug|Win32
		{F865FC68-6C09-4306-B822-A4708A1975AA}.Debug|Mixed Platforms.ActiveCfg = Debug|Win32
		{F865FC68-6C09-4306-B822-A4708A1975AA}.Debug|Mixed Platforms.Build.0 = Debug|Win32
		{F865FC68-6C09-4306-B822-A4708A1975AA}.Debug|Win32.ActiveCfg = Debug|Win32
		{F865FC68-6C09-4306-B822-A4708A1975AA}.Debug|Win32.Build.0 = Debug|Win32
		{F865FC68-6C09-4306-B822-A4708A1975AA}.Profile|Any CPU.ActiveCfg = Profile|Win32
		{F865FC68-6C09-4306-B822-A4708A1975AA}.Profile|Mixed Platforms.ActiveCfg = Profile|Win32
		{F865FC68-6C09-4306-B822-A4708A1975AA}.Profile|Mixed Platforms.Build.0 = Profile|Win32
		{F865FC68-6C09-4306-B822-A4708A1975AA}.Profile|Win32.ActiveCfg = Profile|Win32
		{F865FC68-6C09-4306-B822-A4708A1975AA}.Profile|Win32.Build.0 = Profile|Win32
		{F865FC68-6C09-4306-B822-A4708A1975AA}.Release|Any CPU.ActiveCfg = Release|Win32
		{F865FC68-6C09-4306-B822-A4708A1975AA}.Release|Mixed Platforms.ActiveCfg = Release|Win32
		{F865FC68-6C09-4306-B822-A4708A1975AA}.Release|Mixed Platforms.Build.0 = Release|Win32
		{F865FC68-6C09-4306-B822-A4708A1975AA}.Release|Win32.ActiveCfg = Release|Win32
		{F865FC68-6C09-4306-B822-A4708A1975AA}.Release|Win32.Build.0 = Release|Win32
		{ECE1D4E5-BE60-4253-A634-30A9DA935379}.Debug|Any CPU.ActiveCfg = Debug|Win32
		{ECE1D4E5-BE60-4253-A634-30A9DA935379}.Debug|Any CPU.Build.0 = Debug|Win32
		{ECE1D4E5-BE60-4253-A634-30A9DA935379}.Debug|Mixed Platforms.ActiveCfg = Debug|Win32
		{ECE1D4E5-BE60-4253-A634-30A9DA935379}.Debug|Mixed Platforms.Build.0 = Debug|Win32
		{ECE1D4E5-BE60-4253-A634-30A9DA935379}.Debug|Win32.ActiveCfg = Debug|Win32
		{ECE1D4E5-BE60-4253-A634-30A9DA935379}.Debug|Win32.Build.0 = Debug|Win32
		{ECE1D4E5-BE60-4253-A634-30A9DA935379}.Profile|Any CPU.ActiveCfg = Profile|Win32
		{ECE1D4E5-BE60-4253-A634-30A9DA935379}.Profile|Mixed Platforms.ActiveCfg = Profile|Win32
		{ECE1D4E5-BE60-4253-A634-30A9DA935379}.Profile|Mixed Platforms.Build.0 = Profile|Win32
		{ECE1D4E5-BE60-4253-A634-30A9DA935379}.Profile|Win32.ActiveCfg = Profile|Win32
		{ECE1D4E5-BE60-4253-A634-30A9DA935379}.Profile|Win32.Build.0 = Profile|Win32
		{ECE1D4E5-BE60-4253-A634-30A9DA935379}.Release|Any CPU.ActiveCfg = Release|Win32
		{ECE1D4E5-BE60-4253-A634-30A9DA935379}.Release|Mixed Platforms.ActiveCfg = Release|Win32
		{ECE1D4E5-BE60-4253-A634-30A9DA935379}.Release|Mixed Platforms.Build.0 = Release|Win32
		{ECE1D4E5-BE60-4253-A634-30A9DA935379}.Release|Win32.ActiveCfg = Release|Win32
		{ECE1D4E5-BE60-4253-A634-30A9DA935379}.Release|Win32.Build.0 = Release|Win32
		{C6BCC81D-129D-43BE-88BF-4031D90E3A7B}.Debug|Any CPU.ActiveCfg = Debug|Win32
		{C6BCC81D-129D-43BE-88BF-4031D90E3A7B}.Debug|Any CPU.Build.0 = Debug|Win32
		{C6BCC81D-129D-43BE-88BF-4031D90E3A7B}.Debug|Mixed Platforms.ActiveCfg = Debug|Win32
		{C6BCC81D-129D-43BE-88BF-4031D90E3A7B}.Debug|Mixed Platforms.Build.0 = Debug|Win32
		{C6BCC81D-129D-43BE-88BF-4031D90E3A7B}.Debug|Win32.ActiveCfg = Debug|Win32
		{C6BCC81D-129D-43BE-88BF-4031D90E3A7B}.Debug|Win32.Build.0 = Debug|Win32
		{C6BCC81D-129D-43BE-88BF-4031D90E3A7B}.Profile|Any CPU.ActiveCfg = Profile|Win32
		{C6BCC81D-129D-43BE-88BF-4031D90E3A7B}.Profile|Mixed Platforms.ActiveCfg = Profile|Win32
		{C6BCC81D-129D-43BE-88BF-4031D90E3A7B}.Profile|Mixed Platforms.Build.0 = Profile|Win32
		{C6BCC81D-129D-43BE-88BF-4031D90E3A7B}.Profile|Win32.ActiveCfg = Profile|Win32
		{C6BCC81D-129D-43BE-88BF-4031D90E3A7B}.Profile|Win32.Build.0 = Profile|Win32
		{C6BCC81D-129D-43BE-88BF-4031D90E3A7B}.Release|Any CPU.ActiveCfg = Release|Win32
		{C6BCC81D-129D-43BE-88BF-4031D90E3A7B}.Release|Mixed Platforms.ActiveCfg = Release|Win32
		{C6BCC81D-129D-43BE-88BF-4031D90E3A7B}.Release|Mixed Platforms.Build.0 = Release|Win32
		{C6BCC81D-129D-43BE-88BF-4031D90E3A7B}.Release|Win32.ActiveCfg = Release|Win32
		{C6BCC81D-129D-43BE-88BF-4031D90E3A7B}.Release|Win32.Build.0 = Release|Win32
		{502AC63C-B8DD-4AE7-A8B0-F452C51A5848}.Debug|Any CPU.ActiveCfg = Debug|Win32
		{502AC63C-B8DD-4AE7-A8B0-F452C51A5848}.Debug|Any CPU.Build.0 = Debug|Win32
		{502AC63C-B8DD-4AE7-A8B0-F452C51A5848}.Debug|Mixed Platforms.ActiveCfg = Debug|Win32
		{502AC63C-B8DD-4AE7-A8B0-F452C51A5848}.Debug|Mixed Platforms.Build.0 = Debug|Win32
		{502AC63C-B8DD-4AE7-A8B0-F452C51A5848}.Debug|Win32.ActiveCfg = Debug|Win32
		{502AC63C-B8DD-4AE7-A8B0-F452C51A5848}.Debug|Win32.Build.0 = Debug|Win32
		{502AC63C-B8DD-4AE7-A8B0-F452C51A5848}.Profile|Any CPU.ActiveCfg = Profile|Win32
		{502AC63C-B8DD-4AE7-A8B0-F452C51A5848}.Profile|Mixed Platforms.ActiveCfg = Profile|Win32
		{502AC63C-B8DD-4AE7-A8B0-F452C51A5848}.Profile|Mixed Platforms.Build.0 = Profile|Win32
		{502AC63C-B8DD-4AE7-A8B0-F452C51A5848}.Profile|Win32.ActiveCfg = Profile|Win32
		{502AC63C-B8DD-4AE7-A8B0-F452C51A5848}.Profile|Win32.Build.0 = Profile|Win32
		{502AC63C-B8DD-4AE7-A8B0-F452C51A5848}.Release|Any CPU.ActiveCfg = Release|Win32
		{502AC63C-B8DD-4AE7-A8B0-F452C51A5848}.Release|Mixed Platforms.ActiveCfg = Release|Win32
		{502AC63C-B8DD-4AE7-A8B0-F452C51A5848}.Release|Mixed Platforms.Build.0 = Release|Win32
		{502AC63C-B8DD-4AE7-A8B0-F452C51A5848}.Release|Win32.ActiveCfg = Release|Win32
		{502AC63C-B8DD-4AE7-A8B0-F452C51A5848}.Release|Win32.Build.0 = Release|Win32
		{94066A88-35E4-482F-A137-FBBA9F569AD5}.Debug|Any CPU.ActiveCfg = Debug|Win32
		{94066A88-35E4-482F-A137-FBBA9F569AD5}.Debug|Any CPU.Build.0 = Debug|Win32
		{94066A88-35E4-482F-A137-FBBA9F569AD5}.Debug|Mixed Platforms.ActiveCfg = Debug|Win32
		{94066A88-35E4-482F-A137-FBBA9F569AD5}.Debug|Mixed Platforms.Build.0 = Debug|Win32
		{94066A88-35E4-482F-A137-FBBA9F569AD5}.Debug|Win32.ActiveCfg = Debug|Win32
		{94066A88-35E4-482F-A137-FBBA9F569AD5}.Debug|Win32.Build.0 = Debug|Win32
		{94066A88-35E4-482F-A137-FBBA9F569AD5}.Profile|Any CPU.ActiveCfg = Release|Win32
		{94066A88-35E4-482F-A137-FBBA9F569AD5}.Profile|Mixed Platforms.ActiveCfg = Release|Win32
		{94066A88-35E4-482F-A137-FBBA9F569AD5}.Profile|Mixed Platforms.Build.0 = Release|Win32
		{94066A88-35E4-482F-A137-FBBA9F569AD5}.Profile|Win32.ActiveCfg = Release|Win32
		{94066A88-35E4-482F-A137-FBBA9F569AD5}.Profile|Win32.Build.0 = Release|Win32
		{94066A88-35E4-482F-A137-FBBA9F569AD5}.Release|Any CPU.ActiveCfg = Release|Win32
		{94066A88-35E4-482F-A137-FBBA9F569AD5}.Release|Mixed Platforms.ActiveCfg = Release|Win32
		{94066A88-35E4-482F-A137-FBBA9F569AD5}.Release|Mixed Platforms.Build.0 = Release|Win32
		{94066A88-35E4-482F-A137-FBBA9F569AD5}.Release|Win32.ActiveCfg = Release|Win32
		{94066A88-35E4-482F-A137-FBBA9F569AD5}.Release|Win32.Build.0 = Release|Win32
		{149FCE2C-D3EF-4959-BEA9-B77D567D7CA3}.Debug|Any CPU.ActiveCfg = Debug|Win32
		{149FCE2C-D3EF-4959-BEA9-B77D567D7CA3}.Debug|Any CPU.Build.0 = Debug|Win32
		{149FCE2C-D3EF-4959-BEA9-B77D567D7CA3}.Debug|Mixed Platforms.ActiveCfg = Debug|Win32
		{149FCE2C-D3EF-4959-BEA9-B77D567D7CA3}.Debug|Mixed Platforms.Build.0 = Debug|Win32
		{149FCE2C-D3EF-4959-BEA9-B77D567D7CA3}.Debug|Win32.ActiveCfg = Debug|Win32
		{149FCE2C-D3EF-4959-BEA9-B77D567D7CA3}.Debug|Win32.Build.0 = Debug|Win32
		{149FCE2C-D3EF-4959-BEA9-B77D567D7CA3}.Profile|Any CPU.ActiveCfg = Profile|Win32
		{149FCE2C-D3EF-4959-BEA9-B77D567D7CA3}.Profile|Mixed Platforms.ActiveCfg = Profile|Win32
		{149FCE2C-D3EF-4959-BEA9-B77D567D7CA3}.Profile|Mixed Platforms.Build.0 = Profile|Win32
		{149FCE2C-D3EF-4959-BEA9-B77D567D7CA3}.Profile|Win32.ActiveCfg = Profile|Win32
		{149FCE2C-D3EF-4959-BEA9-B77D567D7CA3}.Profile|Win32.Build.0 = Profile|Win32
		{149FCE2C-D3EF-4959-BEA9-B77D567D7CA3}.Release|Any CPU.ActiveCfg = Release|Win32
		{149FCE2C-D3EF-4959-BEA9-B77D567D7CA3}.Release|Mixed Platforms.ActiveCfg = Release|Win32
		{149FCE2C-D3EF-4959-BEA9-B77D567D7CA3}.Release|Mixed Platforms.Build.0 = Release|Win32
		{149FCE2C-D3EF-4959-BEA9-B77D567D7CA3}.Release|Win32.ActiveCfg = Release|Win32
		{149FCE2C-D3EF-4959-BEA9-B77D567D7CA3}.Release|Win32.Build.0 = Release|Win32
		{6A38E557-D35C-4B5D-90A0-16FF19B26982}.Debug|Any CPU.ActiveCfg = Debug|Win32
		{6A38E557-D35C-4B5D-90A0-16FF19B26982}.Debug|Any CPU.Build.0 = Debug|Win32
		{6A38E557-D35C-4B5D-90A0-16FF19B26982}.Debug|Mixed Platforms.ActiveCfg = Debug|Win32
		{6A38E557-D35C-4B5D-90A0-16FF19B26982}.Debug|Mixed Platforms.Build.0 = Debug|Win32
		{6A38E557-D35C-4B5D-90A0-16FF19B26982}.Debug|Win32.ActiveCfg = Debug|Win32
		{6A38E557-D35C-4B5D-90A0-16FF19B26982}.Debug|Win32.Build.0 = Debug|Win32
		{6A38E557-D35C-4B5D-90A0-16FF19B26982}.Profile|Any CPU.ActiveCfg = Profile|Win32
		{6A38E557-D35C-4B5D-90A0-16FF19B26982}.Profile|Mixed Platforms.ActiveCfg = Profile|Win32
		{6A38E557-D35C-4B5D-90A0-16FF19B26982}.Profile|Mixed Platforms.Build.0 = Profile|Win32
		{6A38E557-D35C-4B5D-90A0-16FF19B26982}.Profile|Win32.ActiveCfg = Profile|Win32
		{6A38E557-D35C-4B5D-90A0-16FF19B26982}.Profile|Win32.Build.0 = Profile|Win32
		{6A38E557-D35C-4B5D-90A0-16FF19B26982}.Release|Any CPU.ActiveCfg = Release|Win32
		{6A38E557-D35C-4B5D-90A0-16FF19B26982}.Release|Mixed Platforms.ActiveCfg = Release|Win32
		{6A38E557-D35C-4B5D-90A0-16FF19B26982}.Release|Mixed Platforms.Build.0 = Release|Win32
		{6A38E557-D35C-4B5D-90A0-16FF19B26982}.Release|Win32.ActiveCfg = Release|Win32
		{6A38E557-D35C-4B5D-90A0-16FF19B26982}.Release|Win32.Build.0 = Release|Win32
		{9766ED62-DC23-4539-A33B-6420F9547886}.Debug|Any CPU.ActiveCfg = Debug|Win32
		{9766ED62-DC23-4539-A33B-6420F9547886}.Debug|Any CPU.Build.0 = Debug|Win32
		{9766ED62-DC23-4539-A33B-6420F9547886}.Debug|Mixed Platforms.ActiveCfg = Debug|Win32
		{9766ED62-DC23-4539-A33B-6420F9547886}.Debug|Mixed Platforms.Build.0 = Debug|Win32
		{9766ED62-DC23-4539-A33B-6420F9547886}.Debug|Win32.ActiveCfg = Debug|Win32
		{9766ED62-DC23-4539-A33B-6420F9547886}.Debug|Win32.Build.0 = Debug|Win32
		{9766ED62-DC23-4539-A33B-6420F9547886}.Profile|Any CPU.ActiveCfg = Profile|Win32
		{9766ED62-DC23-4539-A33B-6420F9547886}.Profile|Mixed Platforms.ActiveCfg = Profile|Win32
		{9766ED62-DC23-4539-A33B-6420F9547886}.Profile|Mixed Platforms.Build.0 = Profile|Win32
		{9766ED62-DC23-4539-A33B-6420F9547886}.Profile|Win32.ActiveCfg = Profile|Win32
		{9766ED62-DC23-4539-A33B-6420F9547886}.Profile|Win32.Build.0 = Profile|Win32
		{9766ED62-DC23-4539-A33B-6420F9547886}.Release|Any CPU.ActiveCfg = Release|Win32
		{9766ED62-DC23-4539-A33B-6420F9547886}.Release|Mixed Platforms.ActiveCfg = Release|Win32
		{9766ED62-DC23-4539-A33B-6420F9547886}.Release|Mixed Platforms.Build.0 = Release|Win32
		{9766ED62-DC23-4539-A33B-6420F9547886}.Release|Win32.ActiveCfg = Release|Win32
		{9766ED62-DC23-4539-A33B-6420F9547886}.Release|Win32.Build.0 = Release|Win32
		{462D6635-BA84-49F6-937E-0AB8BF10574B}.Debug|Any CPU.ActiveCfg = Debug|Win32
		{462D6635-BA84-49F6-937E-0AB8BF10574B}.Debug|Any CPU.Build.0 = Debug|Win32
		{462D6635-BA84-49F6-937E-0AB8BF10574B}.Debug|Mixed Platforms.ActiveCfg = Debug|Win32
		{462D6635-BA84-49F6-937E-0AB8BF10574B}.Debug|Mixed Platforms.Build.0 = Debug|Win32
		{462D6635-BA84-49F6-937E-0AB8BF10574B}.Debug|Win32.ActiveCfg = Debug|Win32
		{462D6635-BA84-49F6-937E-0AB8BF10574B}.Debug|Win32.Build.0 = Debug|Win32
		{462D6635-BA84-49F6-937E-0AB8BF10574B}.Profile|Any CPU.ActiveCfg = Profile|Win32
		{462D6635-BA84-49F6-937E-0AB8BF10574B}.Profile|Mixed Platforms.ActiveCfg = Profile|Win32
		{462D6635-BA84-49F6-937E-0AB8BF10574B}.Profile|Mixed Platforms.Build.0 = Profile|Win32
		{462D6635-BA84-49F6-937E-0AB8BF10574B}.Profile|Win32.ActiveCfg = Profile|Win32
		{462D6635-BA84-49F6-937E-0AB8BF10574B}.Profile|Win32.Build.0 = Profile|Win32
		{462D6635-BA84-49F6-937E-0AB8BF10574B}.Release|Any CPU.ActiveCfg = Release|Win32
		{462D6635-BA84-49F6-937E-0AB8BF10574B}.Release|Mixed Platforms.ActiveCfg = Release|Win32
		{462D6635-BA84-49F6-937E-0AB8BF10574B}.Release|Mixed Platforms.Build.0 = Release|Win32
		{462D6635-BA84-49F6-937E-0AB8BF10574B}.Release|Win32.ActiveCfg = Release|Win32
		{462D6635-BA84-49F6-937E-0AB8BF10574B}.Release|Win32.Build.0 = Release|Win32
		{041AF7A8-5C77-4D96-98CF-342B5DE11F1E}.Debug|Any CPU.ActiveCfg = Debug|Any CPU
		{041AF7A8-5C77-4D96-98CF-342B5DE11F1E}.Debug|Any CPU.Build.0 = Debug|Any CPU
		{041AF7A8-5C77-4D96-98CF-342B5DE11F1E}.Debug|Mixed Platforms.ActiveCfg = Debug|Any CPU
		{041AF7A8-5C77-4D96-98CF-342B5DE11F1E}.Debug|Mixed Platforms.Build.0 = Debug|Any CPU
		{041AF7A8-5C77-4D96-98CF-342B5DE11F1E}.Debug|Win32.ActiveCfg = Debug|Any CPU
		{041AF7A8-5C77-4D96-98CF-342B5DE11F1E}.Debug|Win32.Build.0 = Debug|Any CPU
		{041AF7A8-5C77-4D96-98CF-342B5DE11F1E}.Profile|Any CPU.ActiveCfg = Profile|Any CPU
		{041AF7A8-5C77-4D96-98CF-342B5DE11F1E}.Profile|Any CPU.Build.0 = Profile|Any CPU
		{041AF7A8-5C77-4D96-98CF-342B5DE11F1E}.Profile|Mixed Platforms.ActiveCfg = Profile|Any CPU
		{041AF7A8-5C77-4D96-98CF-342B5DE11F1E}.Profile|Mixed Platforms.Build.0 = Profile|Any CPU
		{041AF7A8-5C77-4D96-98CF-342B5DE11F1E}.Profile|Win32.ActiveCfg = Profile|Any CPU
		{041AF7A8-5C77-4D96-98CF-342B5DE11F1E}.Release|Any CPU.ActiveCfg = Release|Any CPU
		{041AF7A8-5C77-4D96-98CF-342B5DE11F1E}.Release|Any CPU.Build.0 = Release|Any CPU
		{041AF7A8-5C77-4D96-98CF-342B5DE11F1E}.Release|Mixed Platforms.ActiveCfg = Release|Any CPU
		{041AF7A8-5C77-4D96-98CF-342B5DE11F1E}.Release|Mixed Platforms.Build.0 = Release|Any CPU
		{041AF7A8-5C77-4D96-98CF-342B5DE11F1E}.Release|Win32.ActiveCfg = Release|Any CPU
		{39EFFC79-2E12-4861-8DC9-7E59B6D2B9D1}.Debug|Any CPU.ActiveCfg = Debug|Any CPU
		{39EFFC79-2E12-4861-8DC9-7E59B6D2B9D1}.Debug|Any CPU.Build.0 = Debug|Any CPU
		{39EFFC79-2E12-4861-8DC9-7E59B6D2B9D1}.Debug|Mixed Platforms.ActiveCfg = Debug|Any CPU
		{39EFFC79-2E12-4861-8DC9-7E59B6D2B9D1}.Debug|Mixed Platforms.Build.0 = Debug|Any CPU
		{39EFFC79-2E12-4861-8DC9-7E59B6D2B9D1}.Debug|Win32.ActiveCfg = Debug|Any CPU
		{39EFFC79-2E12-4861-8DC9-7E59B6D2B9D1}.Debug|Win32.Build.0 = Debug|Any CPU
		{39EFFC79-2E12-4861-8DC9-7E59B6D2B9D1}.Profile|Any CPU.ActiveCfg = Release|Any CPU
		{39EFFC79-2E12-4861-8DC9-7E59B6D2B9D1}.Profile|Any CPU.Build.0 = Release|Any CPU
		{39EFFC79-2E12-4861-8DC9-7E59B6D2B9D1}.Profile|Mixed Platforms.ActiveCfg = Release|Any CPU
		{39EFFC79-2E12-4861-8DC9-7E59B6D2B9D1}.Profile|Mixed Platforms.Build.0 = Release|Any CPU
		{39EFFC79-2E12-4861-8DC9-7E59B6D2B9D1}.Profile|Win32.ActiveCfg = Release|Any CPU
		{39EFFC79-2E12-4861-8DC9-7E59B6D2B9D1}.Release|Any CPU.ActiveCfg = Release|Any CPU
		{39EFFC79-2E12-4861-8DC9-7E59B6D2B9D1}.Release|Any CPU.Build.0 = Release|Any CPU
		{39EFFC79-2E12-4861-8DC9-7E59B6D2B9D1}.Release|Mixed Platforms.ActiveCfg = Release|Any CPU
		{39EFFC79-2E12-4861-8DC9-7E59B6D2B9D1}.Release|Mixed Platforms.Build.0 = Release|Any CPU
		{39EFFC79-2E12-4861-8DC9-7E59B6D2B9D1}.Release|Win32.ActiveCfg = Release|Any CPU
		{C302E222-29A0-4A95-8E65-740FB72E6795}.Debug|Any CPU.ActiveCfg = Debug|Any CPU
		{C302E222-29A0-4A95-8E65-740FB72E6795}.Debug|Any CPU.Build.0 = Debug|Any CPU
		{C302E222-29A0-4A95-8E65-740FB72E6795}.Debug|Mixed Platforms.ActiveCfg = Debug|Any CPU
		{C302E222-29A0-4A95-8E65-740FB72E6795}.Debug|Mixed Platforms.Build.0 = Debug|Any CPU
		{C302E222-29A0-4A95-8E65-740FB72E6795}.Debug|Win32.ActiveCfg = Debug|Any CPU
		{C302E222-29A0-4A95-8E65-740FB72E6795}.Debug|Win32.Build.0 = Debug|Any CPU
		{C302E222-29A0-4A95-8E65-740FB72E6795}.Profile|Any CPU.ActiveCfg = Profile|Any CPU
		{C302E222-29A0-4A95-8E65-740FB72E6795}.Profile|Any CPU.Build.0 = Profile|Any CPU
		{C302E222-29A0-4A95-8E65-740FB72E6795}.Profile|Mixed Platforms.ActiveCfg = Profile|Any CPU
		{C302E222-29A0-4A95-8E65-740FB72E6795}.Profile|Mixed Platforms.Build.0 = Profile|Any CPU
		{C302E222-29A0-4A95-8E65-740FB72E6795}.Profile|Win32.ActiveCfg = Profile|Any CPU
		{C302E222-29A0-4A95-8E65-740FB72E6795}.Release|Any CPU.ActiveCfg = Release|Any CPU
		{C302E222-29A0-4A95-8E65-740FB72E6795}.Release|Any CPU.Build.0 = Release|Any CPU
		{C302E222-29A0-4A95-8E65-740FB72E6795}.Release|Mixed Platforms.ActiveCfg = Release|Any CPU
		{C302E222-29A0-4A95-8E65-740FB72E6795}.Release|Mixed Platforms.Build.0 = Release|Any CPU
		{C302E222-29A0-4A95-8E65-740FB72E6795}.Release|Win32.ActiveCfg = Release|Any CPU
		{C30AE009-F214-42F2-AB9A-DD3D2CA7909F}.Debug|Any CPU.ActiveCfg = Debug|Any CPU
		{C30AE009-F214-42F2-AB9A-DD3D2CA7909F}.Debug|Any CPU.Build.0 = Debug|Any CPU
		{C30AE009-F214-42F2-AB9A-DD3D2CA7909F}.Debug|Mixed Platforms.ActiveCfg = Debug|Any CPU
		{C30AE009-F214-42F2-AB9A-DD3D2CA7909F}.Debug|Mixed Platforms.Build.0 = Debug|Any CPU
		{C30AE009-F214-42F2-AB9A-DD3D2CA7909F}.Debug|Win32.ActiveCfg = Debug|Any CPU
		{C30AE009-F214-42F2-AB9A-DD3D2CA7909F}.Debug|Win32.Build.0 = Debug|Any CPU
		{C30AE009-F214-42F2-AB9A-DD3D2CA7909F}.Profile|Any CPU.ActiveCfg = Profile|Any CPU
		{C30AE009-F214-42F2-AB9A-DD3D2CA7909F}.Profile|Any CPU.Build.0 = Profile|Any CPU
		{C30AE009-F214-42F2-AB9A-DD3D2CA7909F}.Profile|Mixed Platforms.ActiveCfg = Profile|Any CPU
		{C30AE009-F214-42F2-AB9A-DD3D2CA7909F}.Profile|Mixed Platforms.Build.0 = Profile|Any CPU
		{C30AE009-F214-42F2-AB9A-DD3D2CA7909F}.Profile|Win32.ActiveCfg = Profile|Any CPU
		{C30AE009-F214-42F2-AB9A-DD3D2CA7909F}.Release|Any CPU.ActiveCfg = Release|Any CPU
		{C30AE009-F214-42F2-AB9A-DD3D2CA7909F}.Release|Any CPU.Build.0 = Release|Any CPU
		{C30AE009-F214-42F2-AB9A-DD3D2CA7909F}.Release|Mixed Platforms.ActiveCfg = Release|Any CPU
		{C30AE009-F214-42F2-AB9A-DD3D2CA7909F}.Release|Mixed Platforms.Build.0 = Release|Any CPU
		{C30AE009-F214-42F2-AB9A-DD3D2CA7909F}.Release|Win32.ActiveCfg = Release|Any CPU
		{68EB803C-B5E0-42B7-A8D9-CE98FB93691A}.Debug|Any CPU.ActiveCfg = Debug|Any CPU
		{68EB803C-B5E0-42B7-A8D9-CE98FB93691A}.Debug|Any CPU.Build.0 = Debug|Any CPU
		{68EB803C-B5E0-42B7-A8D9-CE98FB93691A}.Debug|Mixed Platforms.ActiveCfg = Debug|Any CPU
		{68EB803C-B5E0-42B7-A8D9-CE98FB93691A}.Debug|Mixed Platforms.Build.0 = Debug|Any CPU
		{68EB803C-B5E0-42B7-A8D9-CE98FB93691A}.Debug|Win32.ActiveCfg = Debug|Any CPU
		{68EB803C-B5E0-42B7-A8D9-CE98FB93691A}.Debug|Win32.Build.0 = Debug|Any CPU
		{68EB803C-B5E0-42B7-A8D9-CE98FB93691A}.Profile|Any CPU.ActiveCfg = Profile|Any CPU
		{68EB803C-B5E0-42B7-A8D9-CE98FB93691A}.Profile|Any CPU.Build.0 = Profile|Any CPU
		{68EB803C-B5E0-42B7-A8D9-CE98FB93691A}.Profile|Mixed Platforms.ActiveCfg = Profile|Any CPU
		{68EB803C-B5E0-42B7-A8D9-CE98FB93691A}.Profile|Mixed Platforms.Build.0 = Profile|Any CPU
		{68EB803C-B5E0-42B7-A8D9-CE98FB93691A}.Profile|Win32.ActiveCfg = Profile|Any CPU
		{68EB803C-B5E0-42B7-A8D9-CE98FB93691A}.Release|Any CPU.ActiveCfg = Release|Any CPU
		{68EB803C-B5E0-42B7-A8D9-CE98FB93691A}.Release|Any CPU.Build.0 = Release|Any CPU
		{68EB803C-B5E0-42B7-A8D9-CE98FB93691A}.Release|Mixed Platforms.ActiveCfg = Release|Any CPU
		{68EB803C-B5E0-42B7-A8D9-CE98FB93691A}.Release|Mixed Platforms.Build.0 = Release|Any CPU
		{68EB803C-B5E0-42B7-A8D9-CE98FB93691A}.Release|Win32.ActiveCfg = Release|Any CPU
		{E0263220-F917-4E71-9CB4-9D6EDE2AA8CB}.Debug|Any CPU.ActiveCfg = Debug|Any CPU
		{E0263220-F917-4E71-9CB4-9D6EDE2AA8CB}.Debug|Any CPU.Build.0 = Debug|Any CPU
		{E0263220-F917-4E71-9CB4-9D6EDE2AA8CB}.Debug|Mixed Platforms.ActiveCfg = Debug|Any CPU
		{E0263220-F917-4E71-9CB4-9D6EDE2AA8CB}.Debug|Mixed Platforms.Build.0 = Debug|Any CPU
		{E0263220-F917-4E71-9CB4-9D6EDE2AA8CB}.Debug|Win32.ActiveCfg = Debug|Any CPU
		{E0263220-F917-4E71-9CB4-9D6EDE2AA8CB}.Debug|Win32.Build.0 = Debug|Any CPU
		{E0263220-F917-4E71-9CB4-9D6EDE2AA8CB}.Profile|Any CPU.ActiveCfg = Profile|Any CPU
		{E0263220-F917-4E71-9CB4-9D6EDE2AA8CB}.Profile|Any CPU.Build.0 = Profile|Any CPU
		{E0263220-F917-4E71-9CB4-9D6EDE2AA8CB}.Profile|Mixed Platforms.ActiveCfg = Profile|Any CPU
		{E0263220-F917-4E71-9CB4-9D6EDE2AA8CB}.Profile|Mixed Platforms.Build.0 = Profile|Any CPU
		{E0263220-F917-4E71-9CB4-9D6EDE2AA8CB}.Profile|Win32.ActiveCfg = Profile|Any CPU
		{E0263220-F917-4E71-9CB4-9D6EDE2AA8CB}.Release|Any CPU.ActiveCfg = Release|Any CPU
		{E0263220-F917-4E71-9CB4-9D6EDE2AA8CB}.Release|Any CPU.Build.0 = Release|Any CPU
		{E0263220-F917-4E71-9CB4-9D6EDE2AA8CB}.Release|Mixed Platforms.ActiveCfg = Release|Any CPU
		{E0263220-F917-4E71-9CB4-9D6EDE2AA8CB}.Release|Mixed Platforms.Build.0 = Release|Any CPU
		{E0263220-F917-4E71-9CB4-9D6EDE2AA8CB}.Release|Win32.ActiveCfg = Release|Any CPU
		{ADFE6F4C-E4C0-49AF-BDF3-86F5C9CCB797}.Debug|Any CPU.ActiveCfg = Debug|Win32
		{ADFE6F4C-E4C0-49AF-BDF3-86F5C9CCB797}.Debug|Any CPU.Build.0 = Debug|Win32
		{ADFE6F4C-E4C0-49AF-BDF3-86F5C9CCB797}.Debug|Mixed Platforms.ActiveCfg = Debug|Win32
		{ADFE6F4C-E4C0-49AF-BDF3-86F5C9CCB797}.Debug|Mixed Platforms.Build.0 = Debug|Win32
		{ADFE6F4C-E4C0-49AF-BDF3-86F5C9CCB797}.Debug|Win32.ActiveCfg = Debug|Win32
		{ADFE6F4C-E4C0-49AF-BDF3-86F5C9CCB797}.Debug|Win32.Build.0 = Debug|Win32
		{ADFE6F4C-E4C0-49AF-BDF3-86F5C9CCB797}.Profile|Any CPU.ActiveCfg = Profile|Win32
		{ADFE6F4C-E4C0-49AF-BDF3-86F5C9CCB797}.Profile|Mixed Platforms.ActiveCfg = Profile|Win32
		{ADFE6F4C-E4C0-49AF-BDF3-86F5C9CCB797}.Profile|Mixed Platforms.Build.0 = Profile|Win32
		{ADFE6F4C-E4C0-49AF-BDF3-86F5C9CCB797}.Profile|Win32.ActiveCfg = Profile|Win32
		{ADFE6F4C-E4C0-49AF-BDF3-86F5C9CCB797}.Profile|Win32.Build.0 = Profile|Win32
		{ADFE6F4C-E4C0-49AF-BDF3-86F5C9CCB797}.Release|Any CPU.ActiveCfg = Release|Win32
		{ADFE6F4C-E4C0-49AF-BDF3-86F5C9CCB797}.Release|Mixed Platforms.ActiveCfg = Release|Win32
		{ADFE6F4C-E4C0-49AF-BDF3-86F5C9CCB797}.Release|Mixed Platforms.Build.0 = Release|Win32
		{ADFE6F4C-E4C0-49AF-BDF3-86F5C9CCB797}.Release|Win32.ActiveCfg = Release|Win32
		{ADFE6F4C-E4C0-49AF-BDF3-86F5C9CCB797}.Release|Win32.Build.0 = Release|Win32
		{C8BC4191-37BB-4224-B7C3-F8BE36E22B5C}.Debug|Any CPU.ActiveCfg = Debug|Win32
		{C8BC4191-37BB-4224-B7C3-F8BE36E22B5C}.Debug|Any CPU.Build.0 = Debug|Win32
		{C8BC4191-37BB-4224-B7C3-F8BE36E22B5C}.Debug|Mixed Platforms.ActiveCfg = Debug|Win32
		{C8BC4191-37BB-4224-B7C3-F8BE36E22B5C}.Debug|Mixed Platforms.Build.0 = Debug|Win32
		{C8BC4191-37BB-4224-B7C3-F8BE36E22B5C}.Debug|Win32.ActiveCfg = Debug|Win32
		{C8BC4191-37BB-4224-B7C3-F8BE36E22B5C}.Debug|Win32.Build.0 = Debug|Win32
		{C8BC4191-37BB-4224-B7C3-F8BE36E22B5C}.Profile|Any CPU.ActiveCfg = Profile|Win32
		{C8BC4191-37BB-4224-B7C3-F8BE36E22B5C}.Profile|Mixed Platforms.ActiveCfg = Profile|Win32
		{C8BC4191-37BB-4224-B7C3-F8BE36E22B5C}.Profile|Mixed Platforms.Build.0 = Profile|Win32
		{C8BC4191-37BB-4224-B7C3-F8BE36E22B5C}.Profile|Win32.ActiveCfg = Profile|Win32
		{C8BC4191-37BB-4224-B7C3-F8BE36E22B5C}.Profile|Win32.Build.0 = Profile|Win32
		{C8BC4191-37BB-4224-B7C3-F8BE36E22B5C}.Release|Any CPU.ActiveCfg = Release|Win32
		{C8BC4191-37BB-4224-B7C3-F8BE36E22B5C}.Release|Mixed Platforms.ActiveCfg = Release|Win32
		{C8BC4191-37BB-4224-B7C3-F8BE36E22B5C}.Release|Mixed Platforms.Build.0 = Release|Win32
		{C8BC4191-37BB-4224-B7C3-F8BE36E22B5C}.Release|Win32.ActiveCfg = Release|Win32
		{C8BC4191-37BB-4224-B7C3-F8BE36E22B5C}.Release|Win32.Build.0 = Release|Win32
		{06A1B8E8-D594-4669-9677-90DFD8C0EB34}.Debug|Any CPU.ActiveCfg = Debug|Win32
		{06A1B8E8-D594-4669-9677-90DFD8C0EB34}.Debug|Any CPU.Build.0 = Debug|Win32
		{06A1B8E8-D594-4669-9677-90DFD8C0EB34}.Debug|Mixed Platforms.ActiveCfg = Debug|Win32
		{06A1B8E8-D594-4669-9677-90DFD8C0EB34}.Debug|Mixed Platforms.Build.0 = Debug|Win32
		{06A1B8E8-D594-4669-9677-90DFD8C0EB34}.Debug|Win32.ActiveCfg = Debug|Win32
		{06A1B8E8-D594-4669-9677-90DFD8C0EB34}.Debug|Win32.Build.0 = Debug|Win32
		{06A1B8E8-D594-4669-9677-90DFD8C0EB34}.Profile|Any CPU.ActiveCfg = Profile|Win32
		{06A1B8E8-D594-4669-9677-90DFD8C0EB34}.Profile|Mixed Platforms.ActiveCfg = Profile|Win32
		{06A1B8E8-D594-4669-9677-90DFD8C0EB34}.Profile|Mixed Platforms.Build.0 = Profile|Win32
		{06A1B8E8-D594-4669-9677-90DFD8C0EB34}.Profile|Win32.ActiveCfg = Profile|Win32
		{06A1B8E8-D594-4669-9677-90DFD8C0EB34}.Profile|Win32.Build.0 = Profile|Win32
		{06A1B8E8-D594-4669-9677-90DFD8C0EB34}.Release|Any CPU.ActiveCfg = Release|Win32
		{06A1B8E8-D594-4669-9677-90DFD8C0EB34}.Release|Mixed Platforms.ActiveCfg = Release|Win32
		{06A1B8E8-D594-4669-9677-90DFD8C0EB34}.Release|Mixed Platforms.Build.0 = Release|Win32
		{06A1B8E8-D594-4669-9677-90DFD8C0EB34}.Release|Win32.ActiveCfg = Release|Win32
		{06A1B8E8-D594-4669-9677-90DFD8C0EB34}.Release|Win32.Build.0 = Release|Win32
		{45DDA250-BCFF-4710-AF0C-8FB7FC470818}.Debug|Any CPU.ActiveCfg = Debug|Win32
		{45DDA250-BCFF-4710-AF0C-8FB7FC470818}.Debug|Any CPU.Build.0 = Debug|Win32
		{45DDA250-BCFF-4710-AF0C-8FB7FC470818}.Debug|Mixed Platforms.ActiveCfg = Debug|Win32
		{45DDA250-BCFF-4710-AF0C-8FB7FC470818}.Debug|Mixed Platforms.Build.0 = Debug|Win32
		{45DDA250-BCFF-4710-AF0C-8FB7FC470818}.Debug|Win32.ActiveCfg = Debug|Win32
		{45DDA250-BCFF-4710-AF0C-8FB7FC470818}.Debug|Win32.Build.0 = Debug|Win32
		{45DDA250-BCFF-4710-AF0C-8FB7FC470818}.Profile|Any CPU.ActiveCfg = Profile|Win32
		{45DDA250-BCFF-4710-AF0C-8FB7FC470818}.Profile|Mixed Platforms.ActiveCfg = Profile|Win32
		{45DDA250-BCFF-4710-AF0C-8FB7FC470818}.Profile|Mixed Platforms.Build.0 = Profile|Win32
		{45DDA250-BCFF-4710-AF0C-8FB7FC470818}.Profile|Win32.ActiveCfg = Profile|Win32
		{45DDA250-BCFF-4710-AF0C-8FB7FC470818}.Profile|Win32.Build.0 = Profile|Win32
		{45DDA250-BCFF-4710-AF0C-8FB7FC470818}.Release|Any CPU.ActiveCfg = Release|Win32
		{45DDA250-BCFF-4710-AF0C-8FB7FC470818}.Release|Mixed Platforms.ActiveCfg = Release|Win32
		{45DDA250-BCFF-4710-AF0C-8FB7FC470818}.Release|Mixed Platforms.Build.0 = Release|Win32
		{45DDA250-BCFF-4710-AF0C-8FB7FC470818}.Release|Win32.ActiveCfg = Release|Win32
		{45DDA250-BCFF-4710-AF0C-8FB7FC470818}.Release|Win32.Build.0 = Release|Win32
		{5AC949E3-C788-4435-B31D-A71E47A3707B}.Debug|Any CPU.ActiveCfg = Debug|Win32
		{5AC949E3-C788-4435-B31D-A71E47A3707B}.Debug|Any CPU.Build.0 = Debug|Win32
		{5AC949E3-C788-4435-B31D-A71E47A3707B}.Debug|Mixed Platforms.ActiveCfg = Debug|Win32
		{5AC949E3-C788-4435-B31D-A71E47A3707B}.Debug|Mixed Platforms.Build.0 = Debug|Win32
		{5AC949E3-C788-4435-B31D-A71E47A3707B}.Debug|Win32.ActiveCfg = Debug|Win32
		{5AC949E3-C788-4435-B31D-A71E47A3707B}.Debug|Win32.Build.0 = Debug|Win32
		{5AC949E3-C788-4435-B31D-A71E47A3707B}.Profile|Any CPU.ActiveCfg = Profile|Win32
		{5AC949E3-C788-4435-B31D-A71E47A3707B}.Profile|Mixed Platforms.ActiveCfg = Profile|Win32
		{5AC949E3-C788-4435-B31D-A71E47A3707B}.Profile|Mixed Platforms.Build.0 = Profile|Win32
		{5AC949E3-C788-4435-B31D-A71E47A3707B}.Profile|Win32.ActiveCfg = Profile|Win32
		{5AC949E3-C788-4435-B31D-A71E47A3707B}.Profile|Win32.Build.0 = Profile|Win32
		{5AC949E3-C788-4435-B31D-A71E47A3707B}.Release|Any CPU.ActiveCfg = Release|Win32
		{5AC949E3-C788-4435-B31D-A71E47A3707B}.Release|Mixed Platforms.ActiveCfg = Release|Win32
		{5AC949E3-C788-4435-B31D-A71E47A3707B}.Release|Mixed Platforms.Build.0 = Release|Win32
		{5AC949E3-C788-4435-B31D-A71E47A3707B}.Release|Win32.ActiveCfg = Release|Win32
		{5AC949E3-C788-4435-B31D-A71E47A3707B}.Release|Win32.Build.0 = Release|Win32
		{219FA5F5-D07B-4889-B84A-AECCAC1649B6}.Debug|Any CPU.ActiveCfg = Debug|Win32
		{219FA5F5-D07B-4889-B84A-AECCAC1649B6}.Debug|Any CPU.Build.0 = Debug|Win32
		{219FA5F5-D07B-4889-B84A-AECCAC1649B6}.Debug|Mixed Platforms.ActiveCfg = Debug|Win32
		{219FA5F5-D07B-4889-B84A-AECCAC1649B6}.Debug|Mixed Platforms.Build.0 = Debug|Win32
		{219FA5F5-D07B-4889-B84A-AECCAC1649B6}.Debug|Win32.ActiveCfg = Debug|Win32
		{219FA5F5-D07B-4889-B84A-AECCAC1649B6}.Debug|Win32.Build.0 = Debug|Win32
		{219FA5F5-D07B-4889-B84A-AECCAC1649B6}.Profile|Any CPU.ActiveCfg = Profile|Win32
		{219FA5F5-D07B-4889-B84A-AECCAC1649B6}.Profile|Mixed Platforms.ActiveCfg = Profile|Win32
		{219FA5F5-D07B-4889-B84A-AECCAC1649B6}.Profile|Mixed Platforms.Build.0 = Profile|Win32
		{219FA5F5-D07B-4889-B84A-AECCAC1649B6}.Profile|Win32.ActiveCfg = Profile|Win32
		{219FA5F5-D07B-4889-B84A-AECCAC1649B6}.Profile|Win32.Build.0 = Profile|Win32
		{219FA5F5-D07B-4889-B84A-AECCAC1649B6}.Release|Any CPU.ActiveCfg = Release|Win32
		{219FA5F5-D07B-4889-B84A-AECCAC1649B6}.Release|Mixed Platforms.ActiveCfg = Release|Win32
		{219FA5F5-D07B-4889-B84A-AECCAC1649B6}.Release|Mixed Platforms.Build.0 = Release|Win32
		{219FA5F5-D07B-4889-B84A-AECCAC1649B6}.Release|Win32.ActiveCfg = Release|Win32
		{219FA5F5-D07B-4889-B84A-AECCAC1649B6}.Release|Win32.Build.0 = Release|Win32
		{A8086067-90AF-4039-8A4C-9B1F68173FCD}.Debug|Any CPU.ActiveCfg = Debug|Win32
		{A8086067-90AF-4039-8A4C-9B1F68173FCD}.Debug|Any CPU.Build.0 = Debug|Win32
		{A8086067-90AF-4039-8A4C-9B1F68173FCD}.Debug|Mixed Platforms.ActiveCfg = Debug|Win32
		{A8086067-90AF-4039-8A4C-9B1F68173FCD}.Debug|Mixed Platforms.Build.0 = Debug|Win32
		{A8086067-90AF-4039-8A4C-9B1F68173FCD}.Debug|Win32.ActiveCfg = Debug|Win32
		{A8086067-90AF-4039-8A4C-9B1F68173FCD}.Debug|Win32.Build.0 = Debug|Win32
		{A8086067-90AF-4039-8A4C-9B1F68173FCD}.Profile|Any CPU.ActiveCfg = Profile|Win32
		{A8086067-90AF-4039-8A4C-9B1F68173FCD}.Profile|Mixed Platforms.ActiveCfg = Profile|Win32
		{A8086067-90AF-4039-8A4C-9B1F68173FCD}.Profile|Mixed Platforms.Build.0 = Profile|Win32
		{A8086067-90AF-4039-8A4C-9B1F68173FCD}.Profile|Win32.ActiveCfg = Profile|Win32
		{A8086067-90AF-4039-8A4C-9B1F68173FCD}.Profile|Win32.Build.0 = Profile|Win32
		{A8086067-90AF-4039-8A4C-9B1F68173FCD}.Release|Any CPU.ActiveCfg = Release|Win32
		{A8086067-90AF-4039-8A4C-9B1F68173FCD}.Release|Mixed Platforms.ActiveCfg = Release|Win32
		{A8086067-90AF-4039-8A4C-9B1F68173FCD}.Release|Mixed Platforms.Build.0 = Release|Win32
		{A8086067-90AF-4039-8A4C-9B1F68173FCD}.Release|Win32.ActiveCfg = Release|Win32
		{A8086067-90AF-4039-8A4C-9B1F68173FCD}.Release|Win32.Build.0 = Release|Win32
		{667C392C-9D1D-40C6-B59D-ED6F78A517D2}.Debug|Any CPU.ActiveCfg = Debug|Win32
		{667C392C-9D1D-40C6-B59D-ED6F78A517D2}.Debug|Any CPU.Build.0 = Debug|Win32
		{667C392C-9D1D-40C6-B59D-ED6F78A517D2}.Debug|Mixed Platforms.ActiveCfg = Debug|Win32
		{667C392C-9D1D-40C6-B59D-ED6F78A517D2}.Debug|Mixed Platforms.Build.0 = Debug|Win32
		{667C392C-9D1D-40C6-B59D-ED6F78A517D2}.Debug|Win32.ActiveCfg = Debug|Win32
		{667C392C-9D1D-40C6-B59D-ED6F78A517D2}.Debug|Win32.Build.0 = Debug|Win32
		{667C392C-9D1D-40C6-B59D-ED6F78A517D2}.Profile|Any CPU.ActiveCfg = Release|Win32
		{667C392C-9D1D-40C6-B59D-ED6F78A517D2}.Profile|Mixed Platforms.ActiveCfg = Release|Win32
		{667C392C-9D1D-40C6-B59D-ED6F78A517D2}.Profile|Mixed Platforms.Build.0 = Release|Win32
		{667C392C-9D1D-40C6-B59D-ED6F78A517D2}.Profile|Win32.ActiveCfg = Release|Win32
		{667C392C-9D1D-40C6-B59D-ED6F78A517D2}.Profile|Win32.Build.0 = Release|Win32
		{667C392C-9D1D-40C6-B59D-ED6F78A517D2}.Release|Any CPU.ActiveCfg = Release|Win32
		{667C392C-9D1D-40C6-B59D-ED6F78A517D2}.Release|Mixed Platforms.ActiveCfg = Release|Win32
		{667C392C-9D1D-40C6-B59D-ED6F78A517D2}.Release|Mixed Platforms.Build.0 = Release|Win32
		{667C392C-9D1D-40C6-B59D-ED6F78A517D2}.Release|Win32.ActiveCfg = Release|Win32
		{667C392C-9D1D-40C6-B59D-ED6F78A517D2}.Release|Win32.Build.0 = Release|Win32
		{63C82A1D-AAAA-4B44-ADBA-E339406C020A}.Debug|Any CPU.ActiveCfg = Debug|Any CPU
		{63C82A1D-AAAA-4B44-ADBA-E339406C020A}.Debug|Any CPU.Build.0 = Debug|Any CPU
		{63C82A1D-AAAA-4B44-ADBA-E339406C020A}.Debug|Mixed Platforms.ActiveCfg = Debug|Any CPU
		{63C82A1D-AAAA-4B44-ADBA-E339406C020A}.Debug|Mixed Platforms.Build.0 = Debug|Any CPU
		{63C82A1D-AAAA-4B44-ADBA-E339406C020A}.Debug|Win32.ActiveCfg = Debug|Any CPU
		{63C82A1D-AAAA-4B44-ADBA-E339406C020A}.Debug|Win32.Build.0 = Debug|Any CPU
		{63C82A1D-AAAA-4B44-ADBA-E339406C020A}.Profile|Any CPU.ActiveCfg = Release|Any CPU
		{63C82A1D-AAAA-4B44-ADBA-E339406C020A}.Profile|Any CPU.Build.0 = Release|Any CPU
		{63C82A1D-AAAA-4B44-ADBA-E339406C020A}.Profile|Mixed Platforms.ActiveCfg = Release|Any CPU
		{63C82A1D-AAAA-4B44-ADBA-E339406C020A}.Profile|Mixed Platforms.Build.0 = Release|Any CPU
		{63C82A1D-AAAA-4B44-ADBA-E339406C020A}.Profile|Win32.ActiveCfg = Release|Any CPU
		{63C82A1D-AAAA-4B44-ADBA-E339406C020A}.Release|Any CPU.ActiveCfg = Release|Any CPU
		{63C82A1D-AAAA-4B44-ADBA-E339406C020A}.Release|Any CPU.Build.0 = Release|Any CPU
		{63C82A1D-AAAA-4B44-ADBA-E339406C020A}.Release|Mixed Platforms.ActiveCfg = Release|Any CPU
		{63C82A1D-AAAA-4B44-ADBA-E339406C020A}.Release|Mixed Platforms.Build.0 = Release|Any CPU
		{63C82A1D-AAAA-4B44-ADBA-E339406C020A}.Release|Win32.ActiveCfg = Release|Any CPU
		{C24F221D-1072-43FD-92EC-E7826C3170DF}.Debug|Any CPU.ActiveCfg = Debug|Win32
		{C24F221D-1072-43FD-92EC-E7826C3170DF}.Debug|Any CPU.Build.0 = Debug|Win32
		{C24F221D-1072-43FD-92EC-E7826C3170DF}.Debug|Mixed Platforms.ActiveCfg = Debug|Win32
		{C24F221D-1072-43FD-92EC-E7826C3170DF}.Debug|Mixed Platforms.Build.0 = Debug|Win32
		{C24F221D-1072-43FD-92EC-E7826C3170DF}.Debug|Win32.ActiveCfg = Debug|Win32
		{C24F221D-1072-43FD-92EC-E7826C3170DF}.Debug|Win32.Build.0 = Debug|Win32
		{C24F221D-1072-43FD-92EC-E7826C3170DF}.Profile|Any CPU.ActiveCfg = Profile|Win32
		{C24F221D-1072-43FD-92EC-E7826C3170DF}.Profile|Mixed Platforms.ActiveCfg = Profile|Win32
		{C24F221D-1072-43FD-92EC-E7826C3170DF}.Profile|Mixed Platforms.Build.0 = Profile|Win32
		{C24F221D-1072-43FD-92EC-E7826C3170DF}.Profile|Win32.ActiveCfg = Profile|Win32
		{C24F221D-1072-43FD-92EC-E7826C3170DF}.Profile|Win32.Build.0 = Profile|Win32
		{C24F221D-1072-43FD-92EC-E7826C3170DF}.Release|Any CPU.ActiveCfg = Release|Win32
		{C24F221D-1072-43FD-92EC-E7826C3170DF}.Release|Mixed Platforms.ActiveCfg = Release|Win32
		{C24F221D-1072-43FD-92EC-E7826C3170DF}.Release|Mixed Platforms.Build.0 = Release|Win32
		{C24F221D-1072-43FD-92EC-E7826C3170DF}.Release|Win32.ActiveCfg = Release|Win32
		{C24F221D-1072-43FD-92EC-E7826C3170DF}.Release|Win32.Build.0 = Release|Win32
		{8C6F32B7-E953-45D6-8E75-83FBA6384970}.Debug|Any CPU.ActiveCfg = Debug|Any CPU
		{8C6F32B7-E953-45D6-8E75-83FBA6384970}.Debug|Any CPU.Build.0 = Debug|Any CPU
		{8C6F32B7-E953-45D6-8E75-83FBA6384970}.Debug|Mixed Platforms.ActiveCfg = Debug|Any CPU
		{8C6F32B7-E953-45D6-8E75-83FBA6384970}.Debug|Mixed Platforms.Build.0 = Debug|Any CPU
		{8C6F32B7-E953-45D6-8E75-83FBA6384970}.Debug|Win32.ActiveCfg = Debug|Any CPU
		{8C6F32B7-E953-45D6-8E75-83FBA6384970}.Debug|Win32.Build.0 = Debug|Any CPU
		{8C6F32B7-E953-45D6-8E75-83FBA6384970}.Profile|Any CPU.ActiveCfg = Release|Any CPU
		{8C6F32B7-E953-45D6-8E75-83FBA6384970}.Profile|Any CPU.Build.0 = Release|Any CPU
		{8C6F32B7-E953-45D6-8E75-83FBA6384970}.Profile|Mixed Platforms.ActiveCfg = Release|Any CPU
		{8C6F32B7-E953-45D6-8E75-83FBA6384970}.Profile|Mixed Platforms.Build.0 = Release|Any CPU
		{8C6F32B7-E953-45D6-8E75-83FBA6384970}.Profile|Win32.ActiveCfg = Release|Any CPU
		{8C6F32B7-E953-45D6-8E75-83FBA6384970}.Release|Any CPU.ActiveCfg = Release|Any CPU
		{8C6F32B7-E953-45D6-8E75-83FBA6384970}.Release|Any CPU.Build.0 = Release|Any CPU
		{8C6F32B7-E953-45D6-8E75-83FBA6384970}.Release|Mixed Platforms.ActiveCfg = Release|Any CPU
		{8C6F32B7-E953-45D6-8E75-83FBA6384970}.Release|Mixed Platforms.Build.0 = Release|Any CPU
		{8C6F32B7-E953-45D6-8E75-83FBA6384970}.Release|Win32.ActiveCfg = Release|Any CPU
		{BB0FDB8B-BE80-4DB0-87F0-9C75BB89C7C7}.Debug|Any CPU.ActiveCfg = Debug|Any CPU
		{BB0FDB8B-BE80-4DB0-87F0-9C75BB89C7C7}.Debug|Any CPU.Build.0 = Debug|Any CPU
		{BB0FDB8B-BE80-4DB0-87F0-9C75BB89C7C7}.Debug|Mixed Platforms.ActiveCfg = Debug|Any CPU
		{BB0FDB8B-BE80-4DB0-87F0-9C75BB89C7C7}.Debug|Mixed Platforms.Build.0 = Debug|Any CPU
		{BB0FDB8B-BE80-4DB0-87F0-9C75BB89C7C7}.Debug|Win32.ActiveCfg = Debug|Any CPU
		{BB0FDB8B-BE80-4DB0-87F0-9C75BB89C7C7}.Profile|Any CPU.ActiveCfg = Release|Any CPU
		{BB0FDB8B-BE80-4DB0-87F0-9C75BB89C7C7}.Profile|Any CPU.Build.0 = Release|Any CPU
		{BB0FDB8B-BE80-4DB0-87F0-9C75BB89C7C7}.Profile|Mixed Platforms.ActiveCfg = Release|Any CPU
		{BB0FDB8B-BE80-4DB0-87F0-9C75BB89C7C7}.Profile|Mixed Platforms.Build.0 = Release|Any CPU
		{BB0FDB8B-BE80-4DB0-87F0-9C75BB89C7C7}.Profile|Win32.ActiveCfg = Release|Any CPU
		{BB0FDB8B-BE80-4DB0-87F0-9C75BB89C7C7}.Release|Any CPU.ActiveCfg = Release|Any CPU
		{BB0FDB8B-BE80-4DB0-87F0-9C75BB89C7C7}.Release|Any CPU.Build.0 = Release|Any CPU
		{BB0FDB8B-BE80-4DB0-87F0-9C75BB89C7C7}.Release|Mixed Platforms.ActiveCfg = Release|Any CPU
		{BB0FDB8B-BE80-4DB0-87F0-9C75BB89C7C7}.Release|Mixed Platforms.Build.0 = Release|Any CPU
		{BB0FDB8B-BE80-4DB0-87F0-9C75BB89C7C7}.Release|Win32.ActiveCfg = Release|Any CPU
		{5BA06255-9024-4A7F-8253-2A60B6BA194E}.Debug|Any CPU.ActiveCfg = Debug|Any CPU
		{5BA06255-9024-4A7F-8253-2A60B6BA194E}.Debug|Any CPU.Build.0 = Debug|Any CPU
		{5BA06255-9024-4A7F-8253-2A60B6BA194E}.Debug|Mixed Platforms.ActiveCfg = Debug|Any CPU
		{5BA06255-9024-4A7F-8253-2A60B6BA194E}.Debug|Mixed Platforms.Build.0 = Debug|Any CPU
		{5BA06255-9024-4A7F-8253-2A60B6BA194E}.Debug|Win32.ActiveCfg = Debug|Any CPU
		{5BA06255-9024-4A7F-8253-2A60B6BA194E}.Profile|Any CPU.ActiveCfg = Release|Any CPU
		{5BA06255-9024-4A7F-8253-2A60B6BA194E}.Profile|Any CPU.Build.0 = Release|Any CPU
		{5BA06255-9024-4A7F-8253-2A60B6BA194E}.Profile|Mixed Platforms.ActiveCfg = Release|Any CPU
		{5BA06255-9024-4A7F-8253-2A60B6BA194E}.Profile|Mixed Platforms.Build.0 = Release|Any CPU
		{5BA06255-9024-4A7F-8253-2A60B6BA194E}.Profile|Win32.ActiveCfg = Release|Any CPU
		{5BA06255-9024-4A7F-8253-2A60B6BA194E}.Release|Any CPU.ActiveCfg = Release|Any CPU
		{5BA06255-9024-4A7F-8253-2A60B6BA194E}.Release|Any CPU.Build.0 = Release|Any CPU
		{5BA06255-9024-4A7F-8253-2A60B6BA194E}.Release|Mixed Platforms.ActiveCfg = Release|Any CPU
		{5BA06255-9024-4A7F-8253-2A60B6BA194E}.Release|Mixed Platforms.Build.0 = Release|Any CPU
		{5BA06255-9024-4A7F-8253-2A60B6BA194E}.Release|Win32.ActiveCfg = Release|Any CPU
		{220C6BE3-0EE6-4109-BB47-7EE78FFF46B4}.Debug|Any CPU.ActiveCfg = Debug|Any CPU
		{220C6BE3-0EE6-4109-BB47-7EE78FFF46B4}.Debug|Any CPU.Build.0 = Debug|Any CPU
		{220C6BE3-0EE6-4109-BB47-7EE78FFF46B4}.Debug|Mixed Platforms.ActiveCfg = Debug|Any CPU
		{220C6BE3-0EE6-4109-BB47-7EE78FFF46B4}.Debug|Mixed Platforms.Build.0 = Debug|Any CPU
		{220C6BE3-0EE6-4109-BB47-7EE78FFF46B4}.Debug|Win32.ActiveCfg = Debug|Any CPU
		{220C6BE3-0EE6-4109-BB47-7EE78FFF46B4}.Profile|Any CPU.ActiveCfg = Release|Any CPU
		{220C6BE3-0EE6-4109-BB47-7EE78FFF46B4}.Profile|Any CPU.Build.0 = Release|Any CPU
		{220C6BE3-0EE6-4109-BB47-7EE78FFF46B4}.Profile|Mixed Platforms.ActiveCfg = Release|Any CPU
		{220C6BE3-0EE6-4109-BB47-7EE78FFF46B4}.Profile|Mixed Platforms.Build.0 = Release|Any CPU
		{220C6BE3-0EE6-4109-BB47-7EE78FFF46B4}.Profile|Win32.ActiveCfg = Release|Any CPU
		{220C6BE3-0EE6-4109-BB47-7EE78FFF46B4}.Release|Any CPU.ActiveCfg = Release|Any CPU
		{220C6BE3-0EE6-4109-BB47-7EE78FFF46B4}.Release|Any CPU.Build.0 = Release|Any CPU
		{220C6BE3-0EE6-4109-BB47-7EE78FFF46B4}.Release|Mixed Platforms.ActiveCfg = Release|Any CPU
		{220C6BE3-0EE6-4109-BB47-7EE78FFF46B4}.Release|Mixed Platforms.Build.0 = Release|Any CPU
		{220C6BE3-0EE6-4109-BB47-7EE78FFF46B4}.Release|Win32.ActiveCfg = Release|Any CPU
		{6F9755F3-8FE4-42B0-B34F-F06480022352}.Debug|Any CPU.ActiveCfg = Debug|Any CPU
		{6F9755F3-8FE4-42B0-B34F-F06480022352}.Debug|Any CPU.Build.0 = Debug|Any CPU
		{6F9755F3-8FE4-42B0-B34F-F06480022352}.Debug|Mixed Platforms.ActiveCfg = Debug|Any CPU
		{6F9755F3-8FE4-42B0-B34F-F06480022352}.Debug|Mixed Platforms.Build.0 = Debug|Any CPU
		{6F9755F3-8FE4-42B0-B34F-F06480022352}.Debug|Win32.ActiveCfg = Debug|Any CPU
		{6F9755F3-8FE4-42B0-B34F-F06480022352}.Profile|Any CPU.ActiveCfg = Release|Any CPU
		{6F9755F3-8FE4-42B0-B34F-F06480022352}.Profile|Any CPU.Build.0 = Release|Any CPU
		{6F9755F3-8FE4-42B0-B34F-F06480022352}.Profile|Mixed Platforms.ActiveCfg = Release|Any CPU
		{6F9755F3-8FE4-42B0-B34F-F06480022352}.Profile|Mixed Platforms.Build.0 = Release|Any CPU
		{6F9755F3-8FE4-42B0-B34F-F06480022352}.Profile|Win32.ActiveCfg = Release|Any CPU
		{6F9755F3-8FE4-42B0-B34F-F06480022352}.Release|Any CPU.ActiveCfg = Release|Any CPU
		{6F9755F3-8FE4-42B0-B34F-F06480022352}.Release|Any CPU.Build.0 = Release|Any CPU
		{6F9755F3-8FE4-42B0-B34F-F06480022352}.Release|Mixed Platforms.ActiveCfg = Release|Any CPU
		{6F9755F3-8FE4-42B0-B34F-F06480022352}.Release|Mixed Platforms.Build.0 = Release|Any CPU
		{6F9755F3-8FE4-42B0-B34F-F06480022352}.Release|Win32.ActiveCfg = Release|Any CPU
		{5708BFC4-9BEB-412D-B2A0-906DFB997EEE}.Debug|Any CPU.ActiveCfg = Debug|Any CPU
		{5708BFC4-9BEB-412D-B2A0-906DFB997EEE}.Debug|Any CPU.Build.0 = Debug|Any CPU
		{5708BFC4-9BEB-412D-B2A0-906DFB997EEE}.Debug|Mixed Platforms.ActiveCfg = Debug|Any CPU
		{5708BFC4-9BEB-412D-B2A0-906DFB997EEE}.Debug|Mixed Platforms.Build.0 = Debug|Any CPU
		{5708BFC4-9BEB-412D-B2A0-906DFB997EEE}.Debug|Win32.ActiveCfg = Debug|Any CPU
		{5708BFC4-9BEB-412D-B2A0-906DFB997EEE}.Profile|Any CPU.ActiveCfg = Release|Any CPU
		{5708BFC4-9BEB-412D-B2A0-906DFB997EEE}.Profile|Any CPU.Build.0 = Release|Any CPU
		{5708BFC4-9BEB-412D-B2A0-906DFB997EEE}.Profile|Mixed Platforms.ActiveCfg = Release|Any CPU
		{5708BFC4-9BEB-412D-B2A0-906DFB997EEE}.Profile|Mixed Platforms.Build.0 = Release|Any CPU
		{5708BFC4-9BEB-412D-B2A0-906DFB997EEE}.Profile|Win32.ActiveCfg = Release|Any CPU
		{5708BFC4-9BEB-412D-B2A0-906DFB997EEE}.Release|Any CPU.ActiveCfg = Release|Any CPU
		{5708BFC4-9BEB-412D-B2A0-906DFB997EEE}.Release|Any CPU.Build.0 = Release|Any CPU
		{5708BFC4-9BEB-412D-B2A0-906DFB997EEE}.Release|Mixed Platforms.ActiveCfg = Release|Any CPU
		{5708BFC4-9BEB-412D-B2A0-906DFB997EEE}.Release|Mixed Platforms.Build.0 = Release|Any CPU
		{5708BFC4-9BEB-412D-B2A0-906DFB997EEE}.Release|Win32.ActiveCfg = Release|Any CPU
		{92C4CC38-0161-457D-A0F6-7808FF4CD0F5}.Debug|Any CPU.ActiveCfg = Debug|Any CPU
		{92C4CC38-0161-457D-A0F6-7808FF4CD0F5}.Debug|Any CPU.Build.0 = Debug|Any CPU
		{92C4CC38-0161-457D-A0F6-7808FF4CD0F5}.Debug|Mixed Platforms.ActiveCfg = Debug|Any CPU
		{92C4CC38-0161-457D-A0F6-7808FF4CD0F5}.Debug|Mixed Platforms.Build.0 = Debug|Any CPU
		{92C4CC38-0161-457D-A0F6-7808FF4CD0F5}.Debug|Win32.ActiveCfg = Debug|Any CPU
		{92C4CC38-0161-457D-A0F6-7808FF4CD0F5}.Profile|Any CPU.ActiveCfg = Release|Any CPU
		{92C4CC38-0161-457D-A0F6-7808FF4CD0F5}.Profile|Any CPU.Build.0 = Release|Any CPU
		{92C4CC38-0161-457D-A0F6-7808FF4CD0F5}.Profile|Mixed Platforms.ActiveCfg = Release|Any CPU
		{92C4CC38-0161-457D-A0F6-7808FF4CD0F5}.Profile|Mixed Platforms.Build.0 = Release|Any CPU
		{92C4CC38-0161-457D-A0F6-7808FF4CD0F5}.Profile|Win32.ActiveCfg = Release|Any CPU
		{92C4CC38-0161-457D-A0F6-7808FF4CD0F5}.Release|Any CPU.ActiveCfg = Release|Any CPU
		{92C4CC38-0161-457D-A0F6-7808FF4CD0F5}.Release|Any CPU.Build.0 = Release|Any CPU
		{92C4CC38-0161-457D-A0F6-7808FF4CD0F5}.Release|Mixed Platforms.ActiveCfg = Release|Any CPU
		{92C4CC38-0161-457D-A0F6-7808FF4CD0F5}.Release|Mixed Platforms.Build.0 = Release|Any CPU
		{92C4CC38-0161-457D-A0F6-7808FF4CD0F5}.Release|Win32.ActiveCfg = Release|Any CPU
		{82C2049D-9F25-4C21-9E57-0E6F139E0B44}.Debug|Any CPU.ActiveCfg = Debug|Any CPU
		{82C2049D-9F25-4C21-9E57-0E6F139E0B44}.Debug|Any CPU.Build.0 = Debug|Any CPU
		{82C2049D-9F25-4C21-9E57-0E6F139E0B44}.Debug|Mixed Platforms.ActiveCfg = Debug|Any CPU
		{82C2049D-9F25-4C21-9E57-0E6F139E0B44}.Debug|Mixed Platforms.Build.0 = Debug|Any CPU
		{82C2049D-9F25-4C21-9E57-0E6F139E0B44}.Debug|Win32.ActiveCfg = Debug|Any CPU
		{82C2049D-9F25-4C21-9E57-0E6F139E0B44}.Profile|Any CPU.ActiveCfg = Release|Any CPU
		{82C2049D-9F25-4C21-9E57-0E6F139E0B44}.Profile|Any CPU.Build.0 = Release|Any CPU
		{82C2049D-9F25-4C21-9E57-0E6F139E0B44}.Profile|Mixed Platforms.ActiveCfg = Release|Any CPU
		{82C2049D-9F25-4C21-9E57-0E6F139E0B44}.Profile|Mixed Platforms.Build.0 = Release|Any CPU
		{82C2049D-9F25-4C21-9E57-0E6F139E0B44}.Profile|Win32.ActiveCfg = Release|Any CPU
		{82C2049D-9F25-4C21-9E57-0E6F139E0B44}.Release|Any CPU.ActiveCfg = Release|Any CPU
		{82C2049D-9F25-4C21-9E57-0E6F139E0B44}.Release|Any CPU.Build.0 = Release|Any CPU
		{82C2049D-9F25-4C21-9E57-0E6F139E0B44}.Release|Mixed Platforms.ActiveCfg = Release|Any CPU
		{82C2049D-9F25-4C21-9E57-0E6F139E0B44}.Release|Mixed Platforms.Build.0 = Release|Any CPU
		{82C2049D-9F25-4C21-9E57-0E6F139E0B44}.Release|Win32.ActiveCfg = Release|Any CPU
		{1CD1AC04-4400-45F7-8FEB-3C4BB3F5A489}.Debug|Any CPU.ActiveCfg = Debug|Any CPU
		{1CD1AC04-4400-45F7-8FEB-3C4BB3F5A489}.Debug|Any CPU.Build.0 = Debug|Any CPU
		{1CD1AC04-4400-45F7-8FEB-3C4BB3F5A489}.Debug|Mixed Platforms.ActiveCfg = Debug|Any CPU
		{1CD1AC04-4400-45F7-8FEB-3C4BB3F5A489}.Debug|Mixed Platforms.Build.0 = Debug|Any CPU
		{1CD1AC04-4400-45F7-8FEB-3C4BB3F5A489}.Debug|Win32.ActiveCfg = Debug|Any CPU
		{1CD1AC04-4400-45F7-8FEB-3C4BB3F5A489}.Profile|Any CPU.ActiveCfg = Release|Any CPU
		{1CD1AC04-4400-45F7-8FEB-3C4BB3F5A489}.Profile|Any CPU.Build.0 = Release|Any CPU
		{1CD1AC04-4400-45F7-8FEB-3C4BB3F5A489}.Profile|Mixed Platforms.ActiveCfg = Release|Any CPU
		{1CD1AC04-4400-45F7-8FEB-3C4BB3F5A489}.Profile|Mixed Platforms.Build.0 = Release|Any CPU
		{1CD1AC04-4400-45F7-8FEB-3C4BB3F5A489}.Profile|Win32.ActiveCfg = Release|Any CPU
		{1CD1AC04-4400-45F7-8FEB-3C4BB3F5A489}.Release|Any CPU.ActiveCfg = Release|Any CPU
		{1CD1AC04-4400-45F7-8FEB-3C4BB3F5A489}.Release|Any CPU.Build.0 = Release|Any CPU
		{1CD1AC04-4400-45F7-8FEB-3C4BB3F5A489}.Release|Mixed Platforms.ActiveCfg = Release|Any CPU
		{1CD1AC04-4400-45F7-8FEB-3C4BB3F5A489}.Release|Mixed Platforms.Build.0 = Release|Any CPU
		{1CD1AC04-4400-45F7-8FEB-3C4BB3F5A489}.Release|Win32.ActiveCfg = Release|Any CPU
		{6888F517-2276-48D9-A6B2-3C28A531C8DF}.Debug|Any CPU.ActiveCfg = Debug|Any CPU
		{6888F517-2276-48D9-A6B2-3C28A531C8DF}.Debug|Any CPU.Build.0 = Debug|Any CPU
		{6888F517-2276-48D9-A6B2-3C28A531C8DF}.Debug|Mixed Platforms.ActiveCfg = Debug|Any CPU
		{6888F517-2276-48D9-A6B2-3C28A531C8DF}.Debug|Mixed Platforms.Build.0 = Debug|Any CPU
		{6888F517-2276-48D9-A6B2-3C28A531C8DF}.Debug|Win32.ActiveCfg = Debug|Any CPU
		{6888F517-2276-48D9-A6B2-3C28A531C8DF}.Profile|Any CPU.ActiveCfg = Release|Any CPU
		{6888F517-2276-48D9-A6B2-3C28A531C8DF}.Profile|Any CPU.Build.0 = Release|Any CPU
		{6888F517-2276-48D9-A6B2-3C28A531C8DF}.Profile|Mixed Platforms.ActiveCfg = Release|Any CPU
		{6888F517-2276-48D9-A6B2-3C28A531C8DF}.Profile|Mixed Platforms.Build.0 = Release|Any CPU
		{6888F517-2276-48D9-A6B2-3C28A531C8DF}.Profile|Win32.ActiveCfg = Release|Any CPU
		{6888F517-2276-48D9-A6B2-3C28A531C8DF}.Release|Any CPU.ActiveCfg = Release|Any CPU
		{6888F517-2276-48D9-A6B2-3C28A531C8DF}.Release|Any CPU.Build.0 = Release|Any CPU
		{6888F517-2276-48D9-A6B2-3C28A531C8DF}.Release|Mixed Platforms.ActiveCfg = Release|Any CPU
		{6888F517-2276-48D9-A6B2-3C28A531C8DF}.Release|Mixed Platforms.Build.0 = Release|Any CPU
		{6888F517-2276-48D9-A6B2-3C28A531C8DF}.Release|Win32.ActiveCfg = Release|Any CPU
		{5C69CAE6-DDEA-4063-A2C9-41A63BC78BDF}.Debug|Any CPU.ActiveCfg = Debug|Any CPU
		{5C69CAE6-DDEA-4063-A2C9-41A63BC78BDF}.Debug|Any CPU.Build.0 = Debug|Any CPU
		{5C69CAE6-DDEA-4063-A2C9-41A63BC78BDF}.Debug|Mixed Platforms.ActiveCfg = Debug|Any CPU
		{5C69CAE6-DDEA-4063-A2C9-41A63BC78BDF}.Debug|Mixed Platforms.Build.0 = Debug|Any CPU
		{5C69CAE6-DDEA-4063-A2C9-41A63BC78BDF}.Debug|Win32.ActiveCfg = Debug|Any CPU
		{5C69CAE6-DDEA-4063-A2C9-41A63BC78BDF}.Profile|Any CPU.ActiveCfg = Release|Any CPU
		{5C69CAE6-DDEA-4063-A2C9-41A63BC78BDF}.Profile|Any CPU.Build.0 = Release|Any CPU
		{5C69CAE6-DDEA-4063-A2C9-41A63BC78BDF}.Profile|Mixed Platforms.ActiveCfg = Release|Any CPU
		{5C69CAE6-DDEA-4063-A2C9-41A63BC78BDF}.Profile|Mixed Platforms.Build.0 = Release|Any CPU
		{5C69CAE6-DDEA-4063-A2C9-41A63BC78BDF}.Profile|Win32.ActiveCfg = Release|Any CPU
		{5C69CAE6-DDEA-4063-A2C9-41A63BC78BDF}.Release|Any CPU.ActiveCfg = Release|Any CPU
		{5C69CAE6-DDEA-4063-A2C9-41A63BC78BDF}.Release|Any CPU.Build.0 = Release|Any CPU
		{5C69CAE6-DDEA-4063-A2C9-41A63BC78BDF}.Release|Mixed Platforms.ActiveCfg = Release|Any CPU
		{5C69CAE6-DDEA-4063-A2C9-41A63BC78BDF}.Release|Mixed Platforms.Build.0 = Release|Any CPU
		{5C69CAE6-DDEA-4063-A2C9-41A63BC78BDF}.Release|Win32.ActiveCfg = Release|Any CPU
		{4C0A4D93-7997-4104-B598-17D62DE23169}.Debug|Any CPU.ActiveCfg = Debug|Any CPU
		{4C0A4D93-7997-4104-B598-17D62DE23169}.Debug|Any CPU.Build.0 = Debug|Any CPU
		{4C0A4D93-7997-4104-B598-17D62DE23169}.Debug|Mixed Platforms.ActiveCfg = Debug|Any CPU
		{4C0A4D93-7997-4104-B598-17D62DE23169}.Debug|Mixed Platforms.Build.0 = Debug|Any CPU
		{4C0A4D93-7997-4104-B598-17D62DE23169}.Debug|Win32.ActiveCfg = Debug|Any CPU
		{4C0A4D93-7997-4104-B598-17D62DE23169}.Profile|Any CPU.ActiveCfg = Release|Any CPU
		{4C0A4D93-7997-4104-B598-17D62DE23169}.Profile|Any CPU.Build.0 = Release|Any CPU
		{4C0A4D93-7997-4104-B598-17D62DE23169}.Profile|Mixed Platforms.ActiveCfg = Release|Any CPU
		{4C0A4D93-7997-4104-B598-17D62DE23169}.Profile|Mixed Platforms.Build.0 = Release|Any CPU
		{4C0A4D93-7997-4104-B598-17D62DE23169}.Profile|Win32.ActiveCfg = Release|Any CPU
		{4C0A4D93-7997-4104-B598-17D62DE23169}.Release|Any CPU.ActiveCfg = Release|Any CPU
		{4C0A4D93-7997-4104-B598-17D62DE23169}.Release|Any CPU.Build.0 = Release|Any CPU
		{4C0A4D93-7997-4104-B598-17D62DE23169}.Release|Mixed Platforms.ActiveCfg = Release|Any CPU
		{4C0A4D93-7997-4104-B598-17D62DE23169}.Release|Mixed Platforms.Build.0 = Release|Any CPU
		{4C0A4D93-7997-4104-B598-17D62DE23169}.Release|Win32.ActiveCfg = Release|Any CPU
		{0B4EFB08-9514-4929-A849-D851A8B6A129}.Debug|Any CPU.ActiveCfg = Debug|Any CPU
		{0B4EFB08-9514-4929-A849-D851A8B6A129}.Debug|Any CPU.Build.0 = Debug|Any CPU
		{0B4EFB08-9514-4929-A849-D851A8B6A129}.Debug|Mixed Platforms.ActiveCfg = Debug|Any CPU
		{0B4EFB08-9514-4929-A849-D851A8B6A129}.Debug|Mixed Platforms.Build.0 = Debug|Any CPU
		{0B4EFB08-9514-4929-A849-D851A8B6A129}.Debug|Win32.ActiveCfg = Debug|Any CPU
		{0B4EFB08-9514-4929-A849-D851A8B6A129}.Profile|Any CPU.ActiveCfg = Profile|Any CPU
		{0B4EFB08-9514-4929-A849-D851A8B6A129}.Profile|Any CPU.Build.0 = Profile|Any CPU
		{0B4EFB08-9514-4929-A849-D851A8B6A129}.Profile|Mixed Platforms.ActiveCfg = Profile|Any CPU
		{0B4EFB08-9514-4929-A849-D851A8B6A129}.Profile|Mixed Platforms.Build.0 = Profile|Any CPU
		{0B4EFB08-9514-4929-A849-D851A8B6A129}.Profile|Win32.ActiveCfg = Profile|Any CPU
		{0B4EFB08-9514-4929-A849-D851A8B6A129}.Release|Any CPU.ActiveCfg = Release|Any CPU
		{0B4EFB08-9514-4929-A849-D851A8B6A129}.Release|Any CPU.Build.0 = Release|Any CPU
		{0B4EFB08-9514-4929-A849-D851A8B6A129}.Release|Mixed Platforms.ActiveCfg = Release|Any CPU
		{0B4EFB08-9514-4929-A849-D851A8B6A129}.Release|Mixed Platforms.Build.0 = Release|Any CPU
		{0B4EFB08-9514-4929-A849-D851A8B6A129}.Release|Win32.ActiveCfg = Release|Any CPU
		{BC9B91CC-D6E8-48EE-8523-F44DB4FF9CCC}.Debug|Any CPU.ActiveCfg = Debug|Any CPU
		{BC9B91CC-D6E8-48EE-8523-F44DB4FF9CCC}.Debug|Any CPU.Build.0 = Debug|Any CPU
		{BC9B91CC-D6E8-48EE-8523-F44DB4FF9CCC}.Debug|Mixed Platforms.ActiveCfg = Debug|Any CPU
		{BC9B91CC-D6E8-48EE-8523-F44DB4FF9CCC}.Debug|Mixed Platforms.Build.0 = Debug|Any CPU
		{BC9B91CC-D6E8-48EE-8523-F44DB4FF9CCC}.Debug|Win32.ActiveCfg = Debug|Any CPU
		{BC9B91CC-D6E8-48EE-8523-F44DB4FF9CCC}.Profile|Any CPU.ActiveCfg = Release|Any CPU
		{BC9B91CC-D6E8-48EE-8523-F44DB4FF9CCC}.Profile|Any CPU.Build.0 = Release|Any CPU
		{BC9B91CC-D6E8-48EE-8523-F44DB4FF9CCC}.Profile|Mixed Platforms.ActiveCfg = Release|Any CPU
		{BC9B91CC-D6E8-48EE-8523-F44DB4FF9CCC}.Profile|Mixed Platforms.Build.0 = Release|Any CPU
		{BC9B91CC-D6E8-48EE-8523-F44DB4FF9CCC}.Profile|Win32.ActiveCfg = Release|Any CPU
		{BC9B91CC-D6E8-48EE-8523-F44DB4FF9CCC}.Release|Any CPU.ActiveCfg = Release|Any CPU
		{BC9B91CC-D6E8-48EE-8523-F44DB4FF9CCC}.Release|Any CPU.Build.0 = Release|Any CPU
		{BC9B91CC-D6E8-48EE-8523-F44DB4FF9CCC}.Release|Mixed Platforms.ActiveCfg = Release|Any CPU
		{BC9B91CC-D6E8-48EE-8523-F44DB4FF9CCC}.Release|Mixed Platforms.Build.0 = Release|Any CPU
		{BC9B91CC-D6E8-48EE-8523-F44DB4FF9CCC}.Release|Win32.ActiveCfg = Release|Any CPU
		{33F24E60-ABB5-4ACE-9D4A-33CD1D3A52FC}.Debug|Any CPU.ActiveCfg = Debug|Any CPU
		{33F24E60-ABB5-4ACE-9D4A-33CD1D3A52FC}.Debug|Any CPU.Build.0 = Debug|Any CPU
		{33F24E60-ABB5-4ACE-9D4A-33CD1D3A52FC}.Debug|Mixed Platforms.ActiveCfg = Debug|Any CPU
		{33F24E60-ABB5-4ACE-9D4A-33CD1D3A52FC}.Debug|Mixed Platforms.Build.0 = Debug|Any CPU
		{33F24E60-ABB5-4ACE-9D4A-33CD1D3A52FC}.Debug|Win32.ActiveCfg = Debug|Any CPU
		{33F24E60-ABB5-4ACE-9D4A-33CD1D3A52FC}.Profile|Any CPU.ActiveCfg = Release|Any CPU
		{33F24E60-ABB5-4ACE-9D4A-33CD1D3A52FC}.Profile|Any CPU.Build.0 = Release|Any CPU
		{33F24E60-ABB5-4ACE-9D4A-33CD1D3A52FC}.Profile|Mixed Platforms.ActiveCfg = Release|Any CPU
		{33F24E60-ABB5-4ACE-9D4A-33CD1D3A52FC}.Profile|Mixed Platforms.Build.0 = Release|Any CPU
		{33F24E60-ABB5-4ACE-9D4A-33CD1D3A52FC}.Profile|Win32.ActiveCfg = Release|Any CPU
		{33F24E60-ABB5-4ACE-9D4A-33CD1D3A52FC}.Release|Any CPU.ActiveCfg = Release|Any CPU
		{33F24E60-ABB5-4ACE-9D4A-33CD1D3A52FC}.Release|Any CPU.Build.0 = Release|Any CPU
		{33F24E60-ABB5-4ACE-9D4A-33CD1D3A52FC}.Release|Mixed Platforms.ActiveCfg = Release|Any CPU
		{33F24E60-ABB5-4ACE-9D4A-33CD1D3A52FC}.Release|Mixed Platforms.Build.0 = Release|Any CPU
		{33F24E60-ABB5-4ACE-9D4A-33CD1D3A52FC}.Release|Win32.ActiveCfg = Release|Any CPU
		{E4AECEBB-DAB1-4D40-A012-1F648105FB5A}.Debug|Any CPU.ActiveCfg = Debug|Any CPU
		{E4AECEBB-DAB1-4D40-A012-1F648105FB5A}.Debug|Any CPU.Build.0 = Debug|Any CPU
		{E4AECEBB-DAB1-4D40-A012-1F648105FB5A}.Debug|Mixed Platforms.ActiveCfg = Debug|Any CPU
		{E4AECEBB-DAB1-4D40-A012-1F648105FB5A}.Debug|Mixed Platforms.Build.0 = Debug|Any CPU
		{E4AECEBB-DAB1-4D40-A012-1F648105FB5A}.Debug|Win32.ActiveCfg = Debug|Any CPU
		{E4AECEBB-DAB1-4D40-A012-1F648105FB5A}.Profile|Any CPU.ActiveCfg = Release|Any CPU
		{E4AECEBB-DAB1-4D40-A012-1F648105FB5A}.Profile|Any CPU.Build.0 = Release|Any CPU
		{E4AECEBB-DAB1-4D40-A012-1F648105FB5A}.Profile|Mixed Platforms.ActiveCfg = Release|Any CPU
		{E4AECEBB-DAB1-4D40-A012-1F648105FB5A}.Profile|Mixed Platforms.Build.0 = Release|Any CPU
		{E4AECEBB-DAB1-4D40-A012-1F648105FB5A}.Profile|Win32.ActiveCfg = Release|Any CPU
		{E4AECEBB-DAB1-4D40-A012-1F648105FB5A}.Release|Any CPU.ActiveCfg = Release|Any CPU
		{E4AECEBB-DAB1-4D40-A012-1F648105FB5A}.Release|Any CPU.Build.0 = Release|Any CPU
		{E4AECEBB-DAB1-4D40-A012-1F648105FB5A}.Release|Mixed Platforms.ActiveCfg = Release|Any CPU
		{E4AECEBB-DAB1-4D40-A012-1F648105FB5A}.Release|Mixed Platforms.Build.0 = Release|Any CPU
		{E4AECEBB-DAB1-4D40-A012-1F648105FB5A}.Release|Win32.ActiveCfg = Release|Any CPU
		{44B44E81-7223-45CC-AE0A-0790D1E73BE5}.Debug|Any CPU.ActiveCfg = Debug|Any CPU
		{44B44E81-7223-45CC-AE0A-0790D1E73BE5}.Debug|Any CPU.Build.0 = Debug|Any CPU
		{44B44E81-7223-45CC-AE0A-0790D1E73BE5}.Debug|Mixed Platforms.ActiveCfg = Debug|Any CPU
		{44B44E81-7223-45CC-AE0A-0790D1E73BE5}.Debug|Mixed Platforms.Build.0 = Debug|Any CPU
		{44B44E81-7223-45CC-AE0A-0790D1E73BE5}.Debug|Win32.ActiveCfg = Debug|Any CPU
		{44B44E81-7223-45CC-AE0A-0790D1E73BE5}.Profile|Any CPU.ActiveCfg = Release|Any CPU
		{44B44E81-7223-45CC-AE0A-0790D1E73BE5}.Profile|Any CPU.Build.0 = Release|Any CPU
		{44B44E81-7223-45CC-AE0A-0790D1E73BE5}.Profile|Mixed Platforms.ActiveCfg = Release|Any CPU
		{44B44E81-7223-45CC-AE0A-0790D1E73BE5}.Profile|Mixed Platforms.Build.0 = Release|Any CPU
		{44B44E81-7223-45CC-AE0A-0790D1E73BE5}.Profile|Win32.ActiveCfg = Release|Any CPU
		{44B44E81-7223-45CC-AE0A-0790D1E73BE5}.Release|Any CPU.ActiveCfg = Release|Any CPU
		{44B44E81-7223-45CC-AE0A-0790D1E73BE5}.Release|Any CPU.Build.0 = Release|Any CPU
		{44B44E81-7223-45CC-AE0A-0790D1E73BE5}.Release|Mixed Platforms.ActiveCfg = Release|Any CPU
		{44B44E81-7223-45CC-AE0A-0790D1E73BE5}.Release|Mixed Platforms.Build.0 = Release|Any CPU
		{44B44E81-7223-45CC-AE0A-0790D1E73BE5}.Release|Win32.ActiveCfg = Release|Any CPU
		{8888F906-FA11-4F33-9A7E-D4987F5CF5A4}.Debug|Any CPU.ActiveCfg = Debug|Any CPU
		{8888F906-FA11-4F33-9A7E-D4987F5CF5A4}.Debug|Any CPU.Build.0 = Debug|Any CPU
		{8888F906-FA11-4F33-9A7E-D4987F5CF5A4}.Debug|Mixed Platforms.ActiveCfg = Debug|Any CPU
		{8888F906-FA11-4F33-9A7E-D4987F5CF5A4}.Debug|Mixed Platforms.Build.0 = Debug|Any CPU
		{8888F906-FA11-4F33-9A7E-D4987F5CF5A4}.Debug|Win32.ActiveCfg = Debug|Any CPU
		{8888F906-FA11-4F33-9A7E-D4987F5CF5A4}.Profile|Any CPU.ActiveCfg = Release|Any CPU
		{8888F906-FA11-4F33-9A7E-D4987F5CF5A4}.Profile|Any CPU.Build.0 = Release|Any CPU
		{8888F906-FA11-4F33-9A7E-D4987F5CF5A4}.Profile|Mixed Platforms.ActiveCfg = Release|Any CPU
		{8888F906-FA11-4F33-9A7E-D4987F5CF5A4}.Profile|Mixed Platforms.Build.0 = Release|Any CPU
		{8888F906-FA11-4F33-9A7E-D4987F5CF5A4}.Profile|Win32.ActiveCfg = Release|Any CPU
		{8888F906-FA11-4F33-9A7E-D4987F5CF5A4}.Release|Any CPU.ActiveCfg = Release|Any CPU
		{8888F906-FA11-4F33-9A7E-D4987F5CF5A4}.Release|Any CPU.Build.0 = Release|Any CPU
		{8888F906-FA11-4F33-9A7E-D4987F5CF5A4}.Release|Mixed Platforms.ActiveCfg = Release|Any CPU
		{8888F906-FA11-4F33-9A7E-D4987F5CF5A4}.Release|Mixed Platforms.Build.0 = Release|Any CPU
		{8888F906-FA11-4F33-9A7E-D4987F5CF5A4}.Release|Win32.ActiveCfg = Release|Any CPU
		{CC557ED0-6200-46CE-8477-4C0EF60226B8}.Debug|Any CPU.ActiveCfg = Debug|Any CPU
		{CC557ED0-6200-46CE-8477-4C0EF60226B8}.Debug|Any CPU.Build.0 = Debug|Any CPU
		{CC557ED0-6200-46CE-8477-4C0EF60226B8}.Debug|Mixed Platforms.ActiveCfg = Debug|Any CPU
		{CC557ED0-6200-46CE-8477-4C0EF60226B8}.Debug|Mixed Platforms.Build.0 = Debug|Any CPU
		{CC557ED0-6200-46CE-8477-4C0EF60226B8}.Debug|Win32.ActiveCfg = Debug|Any CPU
		{CC557ED0-6200-46CE-8477-4C0EF60226B8}.Profile|Any CPU.ActiveCfg = Release|Any CPU
		{CC557ED0-6200-46CE-8477-4C0EF60226B8}.Profile|Any CPU.Build.0 = Release|Any CPU
		{CC557ED0-6200-46CE-8477-4C0EF60226B8}.Profile|Mixed Platforms.ActiveCfg = Release|Any CPU
		{CC557ED0-6200-46CE-8477-4C0EF60226B8}.Profile|Mixed Platforms.Build.0 = Release|Any CPU
		{CC557ED0-6200-46CE-8477-4C0EF60226B8}.Profile|Win32.ActiveCfg = Release|Any CPU
		{CC557ED0-6200-46CE-8477-4C0EF60226B8}.Release|Any CPU.ActiveCfg = Release|Any CPU
		{CC557ED0-6200-46CE-8477-4C0EF60226B8}.Release|Any CPU.Build.0 = Release|Any CPU
		{CC557ED0-6200-46CE-8477-4C0EF60226B8}.Release|Mixed Platforms.ActiveCfg = Release|Any CPU
		{CC557ED0-6200-46CE-8477-4C0EF60226B8}.Release|Mixed Platforms.Build.0 = Release|Any CPU
		{CC557ED0-6200-46CE-8477-4C0EF60226B8}.Release|Win32.ActiveCfg = Release|Any CPU
		{2C95DBA2-A590-4240-A9F8-6B645A59BC9C}.Debug|Any CPU.ActiveCfg = Debug|Any CPU
		{2C95DBA2-A590-4240-A9F8-6B645A59BC9C}.Debug|Any CPU.Build.0 = Debug|Any CPU
		{2C95DBA2-A590-4240-A9F8-6B645A59BC9C}.Debug|Mixed Platforms.ActiveCfg = Debug|Any CPU
		{2C95DBA2-A590-4240-A9F8-6B645A59BC9C}.Debug|Mixed Platforms.Build.0 = Debug|Any CPU
		{2C95DBA2-A590-4240-A9F8-6B645A59BC9C}.Debug|Win32.ActiveCfg = Debug|Any CPU
		{2C95DBA2-A590-4240-A9F8-6B645A59BC9C}.Profile|Any CPU.ActiveCfg = Release|Any CPU
		{2C95DBA2-A590-4240-A9F8-6B645A59BC9C}.Profile|Any CPU.Build.0 = Release|Any CPU
		{2C95DBA2-A590-4240-A9F8-6B645A59BC9C}.Profile|Mixed Platforms.ActiveCfg = Release|Any CPU
		{2C95DBA2-A590-4240-A9F8-6B645A59BC9C}.Profile|Mixed Platforms.Build.0 = Release|Any CPU
		{2C95DBA2-A590-4240-A9F8-6B645A59BC9C}.Profile|Win32.ActiveCfg = Release|Any CPU
		{2C95DBA2-A590-4240-A9F8-6B645A59BC9C}.Release|Any CPU.ActiveCfg = Release|Any CPU
		{2C95DBA2-A590-4240-A9F8-6B645A59BC9C}.Release|Any CPU.Build.0 = Release|Any CPU
		{2C95DBA2-A590-4240-A9F8-6B645A59BC9C}.Release|Mixed Platforms.ActiveCfg = Release|Any CPU
		{2C95DBA2-A590-4240-A9F8-6B645A59BC9C}.Release|Mixed Platforms.Build.0 = Release|Any CPU
		{2C95DBA2-A590-4240-A9F8-6B645A59BC9C}.Release|Win32.ActiveCfg = Release|Any CPU
	EndGlobalSection
	GlobalSection(SolutionProperties) = preSolution
		HideSolutionNode = FALSE
	EndGlobalSection
	GlobalSection(NestedProjects) = preSolution
		{F865FC68-6C09-4306-B822-A4708A1975AA} = {0AA015A8-B662-4499-9D86-79095EBE2E6B}
		{ECE1D4E5-BE60-4253-A634-30A9DA935379} = {0AA015A8-B662-4499-9D86-79095EBE2E6B}
		{ADFE6F4C-E4C0-49AF-BDF3-86F5C9CCB797} = {0AA015A8-B662-4499-9D86-79095EBE2E6B}
		{C8BC4191-37BB-4224-B7C3-F8BE36E22B5C} = {0AA015A8-B662-4499-9D86-79095EBE2E6B}
		{06A1B8E8-D594-4669-9677-90DFD8C0EB34} = {0AA015A8-B662-4499-9D86-79095EBE2E6B}
		{45DDA250-BCFF-4710-AF0C-8FB7FC470818} = {0AA015A8-B662-4499-9D86-79095EBE2E6B}
		{63C82A1D-AAAA-4B44-ADBA-E339406C020A} = {0AA015A8-B662-4499-9D86-79095EBE2E6B}
		{82C2049D-9F25-4C21-9E57-0E6F139E0B44} = {0AA015A8-B662-4499-9D86-79095EBE2E6B}
		{1CD1AC04-4400-45F7-8FEB-3C4BB3F5A489} = {0AA015A8-B662-4499-9D86-79095EBE2E6B}
		{6888F517-2276-48D9-A6B2-3C28A531C8DF} = {0AA015A8-B662-4499-9D86-79095EBE2E6B}
		{C6BCC81D-129D-43BE-88BF-4031D90E3A7B} = {95816A25-CEF1-4250-B760-99420E53BB2A}
		{6A38E557-D35C-4B5D-90A0-16FF19B26982} = {95816A25-CEF1-4250-B760-99420E53BB2A}
		{462D6635-BA84-49F6-937E-0AB8BF10574B} = {95816A25-CEF1-4250-B760-99420E53BB2A}
		{5AC949E3-C788-4435-B31D-A71E47A3707B} = {95816A25-CEF1-4250-B760-99420E53BB2A}
		{A8086067-90AF-4039-8A4C-9B1F68173FCD} = {95816A25-CEF1-4250-B760-99420E53BB2A}
		{502AC63C-B8DD-4AE7-A8B0-F452C51A5848} = {F05DE3FD-FB71-4827-A572-1450021DBFC2}
		{94066A88-35E4-482F-A137-FBBA9F569AD5} = {F05DE3FD-FB71-4827-A572-1450021DBFC2}
		{149FCE2C-D3EF-4959-BEA9-B77D567D7CA3} = {F05DE3FD-FB71-4827-A572-1450021DBFC2}
		{9766ED62-DC23-4539-A33B-6420F9547886} = {F05DE3FD-FB71-4827-A572-1450021DBFC2}
		{219FA5F5-D07B-4889-B84A-AECCAC1649B6} = {F05DE3FD-FB71-4827-A572-1450021DBFC2}
		{667C392C-9D1D-40C6-B59D-ED6F78A517D2} = {F05DE3FD-FB71-4827-A572-1450021DBFC2}
		{C24F221D-1072-43FD-92EC-E7826C3170DF} = {F05DE3FD-FB71-4827-A572-1450021DBFC2}
		{804D618B-7F32-4CB8-9778-224DF0B5054E} = {27D6DEC3-BBC3-4DC3-8AD8-D33F2E87FDF7}
		{7D76F78C-2899-48F0-AAB0-847A10657498} = {27D6DEC3-BBC3-4DC3-8AD8-D33F2E87FDF7}
		{92C4CC38-0161-457D-A0F6-7808FF4CD0F5} = {27D6DEC3-BBC3-4DC3-8AD8-D33F2E87FDF7}
		{041AF7A8-5C77-4D96-98CF-342B5DE11F1E} = {5C03CFFA-309E-4046-8910-CD0B13A3020A}
		{39EFFC79-2E12-4861-8DC9-7E59B6D2B9D1} = {5C03CFFA-309E-4046-8910-CD0B13A3020A}
		{C302E222-29A0-4A95-8E65-740FB72E6795} = {5C03CFFA-309E-4046-8910-CD0B13A3020A}
		{C30AE009-F214-42F2-AB9A-DD3D2CA7909F} = {5C03CFFA-309E-4046-8910-CD0B13A3020A}
		{68EB803C-B5E0-42B7-A8D9-CE98FB93691A} = {5C03CFFA-309E-4046-8910-CD0B13A3020A}
		{8C6F32B7-E953-45D6-8E75-83FBA6384970} = {5C03CFFA-309E-4046-8910-CD0B13A3020A}
		{0B4EFB08-9514-4929-A849-D851A8B6A129} = {5C03CFFA-309E-4046-8910-CD0B13A3020A}
		{2C95DBA2-A590-4240-A9F8-6B645A59BC9C} = {5C03CFFA-309E-4046-8910-CD0B13A3020A}
		{BB0FDB8B-BE80-4DB0-87F0-9C75BB89C7C7} = {AA1E9075-A749-4BBC-9EE5-43893AA04B28}
		{5BA06255-9024-4A7F-8253-2A60B6BA194E} = {AA1E9075-A749-4BBC-9EE5-43893AA04B28}
		{220C6BE3-0EE6-4109-BB47-7EE78FFF46B4} = {AA1E9075-A749-4BBC-9EE5-43893AA04B28}
		{6F9755F3-8FE4-42B0-B34F-F06480022352} = {AA1E9075-A749-4BBC-9EE5-43893AA04B28}
		{E0263220-F917-4E71-9CB4-9D6EDE2AA8CB} = {AA1E9075-A749-4BBC-9EE5-43893AA04B28}
		{5708BFC4-9BEB-412D-B2A0-906DFB997EEE} = {AA1E9075-A749-4BBC-9EE5-43893AA04B28}
		{5C69CAE6-DDEA-4063-A2C9-41A63BC78BDF} = {AA1E9075-A749-4BBC-9EE5-43893AA04B28}
		{4C0A4D93-7997-4104-B598-17D62DE23169} = {AA1E9075-A749-4BBC-9EE5-43893AA04B28}
		{BC9B91CC-D6E8-48EE-8523-F44DB4FF9CCC} = {AA1E9075-A749-4BBC-9EE5-43893AA04B28}
		{E4AECEBB-DAB1-4D40-A012-1F648105FB5A} = {AA1E9075-A749-4BBC-9EE5-43893AA04B28}
		{44B44E81-7223-45CC-AE0A-0790D1E73BE5} = {AA1E9075-A749-4BBC-9EE5-43893AA04B28}
		{8888F906-FA11-4F33-9A7E-D4987F5CF5A4} = {AA1E9075-A749-4BBC-9EE5-43893AA04B28}
		{CC557ED0-6200-46CE-8477-4C0EF60226B8} = {AA1E9075-A749-4BBC-9EE5-43893AA04B28}
		{33F24E60-ABB5-4ACE-9D4A-33CD1D3A52FC} = {012E3ADF-5E3C-4D25-9A21-08F8DD39DA60}
	EndGlobalSection
EndGlobal
