<?xml version="1.0" encoding="utf-8"?>
<Project ToolsVersion="4.0" xmlns="http://schemas.microsoft.com/developer/msbuild/2003">
  <ItemGroup>
    <Filter Include="Source Files">
      <UniqueIdentifier>{4FC737F1-C7A5-4376-A066-2A32D752A2FF}</UniqueIdentifier>
      <Extensions>cpp;c;cc;cxx;def;odl;idl;hpj;bat;asm;asmx</Extensions>
    </Filter>
    <Filter Include="Header Files">
      <UniqueIdentifier>{93995380-89BD-4b04-88EB-625FBE52EBFB}</UniqueIdentifier>
      <Extensions>h;hpp;hxx;hm;inl;inc;xsd</Extensions>
    </Filter>
  </ItemGroup>
  <ItemGroup>
    <ClCompile Include="source\grib.cpp">
      <Filter>Source Files</Filter>
    </ClCompile>
    <ClCompile Include="source\grib_coord_converter.cpp">
      <Filter>Source Files</Filter>
    </ClCompile>
    <ClCompile Include="source\grib_dataset_reader.cpp">
      <Filter>Source Files</Filter>
    </ClCompile>
    <ClCompile Include="source\grib_pipe_builder.cpp">
      <Filter>Source Files</Filter>
    </ClCompile>
    <ClCompile Include="source\grib_process.cpp">
      <Filter>Source Files</Filter>
    </ClCompile>
    <ClCompile Include="source\grib_record.cpp">
      <Filter>Source Files</Filter>
    </ClCompile>
    <ClCompile Include="source\stdafx.cpp">
      <Filter>Source Files</Filter>
    </ClCompile>
    <ClCompile Include="source\wgrib.cpp">
      <Filter>Source Files</Filter>
    </ClCompile>
    <ClCompile Include="source\wgrib_defines.c">
      <Filter>Source Files</Filter>
    </ClCompile>
    <ClCompile Include="source\wgrib_tables.c">
      <Filter>Source Files</Filter>
    </ClCompile>
  </ItemGroup>
  <ItemGroup>
    <ClInclude Include="source\grib.h">
      <Filter>Header Files</Filter>
    </ClInclude>
    <ClInclude Include="source\grib_coord_converter.h">
      <Filter>Header Files</Filter>
    </ClInclude>
    <ClInclude Include="source\grib_dataset_reader.h">
      <Filter>Header Files</Filter>
    </ClInclude>
    <ClInclude Include="source\grib_pipe_builder.h">
      <Filter>Header Files</Filter>
    </ClInclude>
    <ClInclude Include="source\grib_process.h">
      <Filter>Header Files</Filter>
    </ClInclude>
    <ClInclude Include="source\grib_record.h">
      <Filter>Header Files</Filter>
    </ClInclude>
    <ClInclude Include="source\stdafx.h">
      <Filter>Header Files</Filter>
    </ClInclude>
    <ClInclude Include="source\wgrib.h">
      <Filter>Header Files</Filter>
    </ClInclude>
  </ItemGroup>
</Project>